{
  "version": 4,
  "terraform_version": "1.3.3",
  "serial": 127,
  "lineage": "8d66fc6f-ea1a-c429-a48b-630660803a1f",
  "outputs": {
    "av_zones": {
      "value": [
        "eu-central-1a",
        "eu-central-1b",
        "eu-central-1c"
      ],
      "type": [
        "list",
        "string"
      ]
    },
    "elb_dns": {
      "value": "http://elb-1671035535.eu-central-1.elb.amazonaws.com",
      "type": "string"
    },
    "public_ec2_ips": {
      "value": [
        "http://3.123.23.237",
        "http://18.184.50.207"
      ],
      "type": [
        "tuple",
        [
          "string",
          "string"
        ]
      ]
    }
  },
  "resources": [
    {
      "mode": "data",
      "type": "aws_availability_zones",
      "name": "available",
      "provider": "provider[\"registry.terraform.io/hashicorp/aws\"]",
      "instances": [
        {
          "schema_version": 0,
          "attributes": {
            "all_availability_zones": null,
            "exclude_names": null,
            "exclude_zone_ids": null,
            "filter": null,
            "group_names": [
              "eu-central-1"
            ],
            "id": "eu-central-1",
            "names": [
              "eu-central-1a",
              "eu-central-1b",
              "eu-central-1c"
            ],
            "state": null,
            "timeouts": null,
            "zone_ids": [
              "euc1-az2",
              "euc1-az3",
              "euc1-az1"
            ]
          },
          "sensitive_attributes": []
        }
      ]
    },
    {
      "mode": "managed",
      "type": "aws_autoscaling_group",
      "name": "asg",
      "provider": "provider[\"registry.terraform.io/hashicorp/aws\"]",
      "instances": [
        {
          "schema_version": 0,
          "attributes": {
            "arn": "arn:aws:autoscaling:eu-central-1:711635244477:autoScalingGroup:806848b9-07bc-4536-ba34-aca8552911d5:autoScalingGroupName/terraform-20221023082459650900000002",
            "availability_zones": [
              "eu-central-1a"
            ],
            "capacity_rebalance": false,
            "context": "",
            "default_cooldown": 300,
            "default_instance_warmup": 0,
            "desired_capacity": 2,
            "enabled_metrics": null,
            "force_delete": false,
            "force_delete_warm_pool": false,
            "health_check_grace_period": 300,
            "health_check_type": "EC2",
            "id": "terraform-20221023082459650900000002",
            "initial_lifecycle_hook": [],
            "instance_refresh": [],
            "launch_configuration": "terraform-20221023082457844800000001",
            "launch_template": [],
            "load_balancers": [
              "elb"
            ],
            "max_instance_lifetime": 0,
            "max_size": 2,
            "metrics_granularity": "1Minute",
            "min_elb_capacity": null,
            "min_size": 2,
            "mixed_instances_policy": [],
            "name": "terraform-20221023082459650900000002",
            "name_prefix": "terraform-",
            "placement_group": "",
            "protect_from_scale_in": false,
            "service_linked_role_arn": "arn:aws:iam::711635244477:role/aws-service-role/autoscaling.amazonaws.com/AWSServiceRoleForAutoScaling",
            "suspended_processes": null,
            "tag": [],
            "tags": null,
            "target_group_arns": null,
            "termination_policies": null,
            "timeouts": null,
            "vpc_zone_identifier": [
              "subnet-087c4f5857d3762bb"
            ],
            "wait_for_capacity_timeout": "10m",
            "wait_for_elb_capacity": null,
            "warm_pool": []
          },
          "sensitive_attributes": [],
          "private": "eyJlMmJmYjczMC1lY2FhLTExZTYtOGY4OC0zNDM2M2JjN2M0YzAiOnsiZGVsZXRlIjo2MDAwMDAwMDAwMDAsInVwZGF0ZSI6NjAwMDAwMDAwMDAwfX0=",
          "dependencies": [
            "aws_key_pair.generated_key",
            "aws_launch_configuration.lc",
            "aws_security_group.my-sg",
            "data.aws_availability_zones.available",
            "module.ec2_instance.aws_instance.this",
            "module.ec2_instance.aws_spot_instance_request.this",
            "module.elb.module.elb.aws_elb.this",
            "module.vpc.aws_subnet.public",
            "module.vpc.aws_vpc.this",
            "module.vpc.aws_vpc_ipv4_cidr_block_association.this",
            "tls_private_key.example"
          ],
          "create_before_destroy": true
        }
      ]
    },
    {
      "mode": "managed",
      "type": "aws_key_pair",
      "name": "generated_key",
      "provider": "provider[\"registry.terraform.io/hashicorp/aws\"]",
      "instances": [
        {
          "schema_version": 1,
          "attributes": {
            "arn": "arn:aws:ec2:eu-central-1:711635244477:key-pair/default_key",
            "fingerprint": "f6:98:d9:7f:f5:83:ce:e9:3d:3a:56:30:3e:fe:e3:31",
            "id": "default_key",
            "key_name": "default_key",
            "key_name_prefix": "",
            "key_pair_id": "key-0623b78bf598d91fb",
            "key_type": "rsa",
            "public_key": "ssh-rsa AAAAB3NzaC1yc2EAAAADAQABAAACAQDbRW4QeLU4aAaYpXy5R7elcUBdbCAiat1/TGSsRGxc+1zHHRz3y909w4AI02qrXouB47vIZYis/Weigs0TDcdrlUK1zzwu9gSkn0mM8VVDdHCPYdZsMHtuFvko2LG0FVyNXgoP+28xs9gMvFiX5p2Ds0YQVAqhfsOoL9JCmDNF/1iTn2abKOnTvBhtqIPe4l4W/y8ExDurV0iS/3pX9H9ohKUz+z9FKylhBxdC5yDHWVUY8T6C/JyN9WDZbOl4alIZMbnnT+9Yfh+pbhoPxGaSWEv4eBey9VS0qhGSRSzCmN0Q7dZeXLkuH44YVGou9taXAUNBEHaw7T47Pcg0hHBXqcMowaWDcVdriX32jGdPu4SHMw/ZWnKk/tuzowAHwD9oz0/KcBg0z0o0uyY/8HHlrhaUL2x6noIogLCoIAYfGQQuqi5WCWQ+U7sB43i6suoKsuI2sQljWlaKwVFVZbanEXaQvMb/7BFEcbPw3XUCyj823Yrl0YfL5HuEOKkB3LY9zdAI2D4LJzblu2TdhGAvMuXlpe6EPcQ30F2MNvQGeEZrd1zk/MYmKTJ83sg3sFCr15Tm3DLwu/k0sqdu9UoYNZtwQMPagr0gRhCP5iA0KcXKh/9tOok/AqBocTk+RvqxJ7h6mEcEAl/h9vFii2oD4noep24Y9KAp4OTe/bszbQ==",
            "tags": null,
            "tags_all": {}
          },
          "sensitive_attributes": [],
          "private": "eyJzY2hlbWFfdmVyc2lvbiI6IjEifQ==",
          "dependencies": [
            "tls_private_key.example"
          ],
          "create_before_destroy": true
        }
      ]
    },
    {
      "mode": "managed",
      "type": "aws_launch_configuration",
      "name": "lc",
      "provider": "provider[\"registry.terraform.io/hashicorp/aws\"]",
      "instances": [
        {
          "schema_version": 0,
          "attributes": {
            "arn": "arn:aws:autoscaling:eu-central-1:711635244477:launchConfiguration:e33ce968-2c45-439e-ba2e-f83e4422977e:launchConfigurationName/terraform-20221023082457844800000001",
            "associate_public_ip_address": false,
            "ebs_block_device": [],
            "ebs_optimized": false,
            "enable_monitoring": true,
            "ephemeral_block_device": [],
            "iam_instance_profile": "",
            "id": "terraform-20221023082457844800000001",
            "image_id": "ami-0e2031728ef69a466",
            "instance_type": "t2.micro",
            "key_name": "default_key",
            "metadata_options": [],
            "name": "terraform-20221023082457844800000001",
            "name_prefix": "terraform-",
            "placement_tenancy": "",
            "root_block_device": [],
            "security_groups": [
              "sg-036529030e959f9b9"
            ],
            "spot_price": "",
            "user_data": "74c215301a417ae0c6d291ffec4676e5844a3fa3",
            "user_data_base64": null,
            "vpc_classic_link_id": "",
            "vpc_classic_link_security_groups": null
          },
          "sensitive_attributes": [],
          "private": "bnVsbA==",
          "dependencies": [
            "aws_key_pair.generated_key",
            "aws_security_group.my-sg",
            "data.aws_availability_zones.available",
            "module.ec2_instance.aws_instance.this",
            "module.ec2_instance.aws_spot_instance_request.this",
            "module.vpc.aws_subnet.public",
            "module.vpc.aws_vpc.this",
            "module.vpc.aws_vpc_ipv4_cidr_block_association.this",
            "tls_private_key.example"
          ],
          "create_before_destroy": true
        }
      ]
    },
    {
      "mode": "managed",
      "type": "aws_security_group",
      "name": "my-sg",
      "provider": "provider[\"registry.terraform.io/hashicorp/aws\"]",
      "instances": [
        {
          "schema_version": 1,
          "attributes": {
            "arn": "arn:aws:ec2:eu-central-1:711635244477:security-group/sg-036529030e959f9b9",
            "description": "Managed by Terraform",
            "egress": [
              {
                "cidr_blocks": [
                  "0.0.0.0/0"
                ],
                "description": "",
                "from_port": 0,
                "ipv6_cidr_blocks": [],
                "prefix_list_ids": [],
                "protocol": "-1",
                "security_groups": [],
                "self": false,
                "to_port": 0
              }
            ],
            "id": "sg-036529030e959f9b9",
            "ingress": [
              {
                "cidr_blocks": [
                  "0.0.0.0/0"
                ],
                "description": "",
                "from_port": 22,
                "ipv6_cidr_blocks": [],
                "prefix_list_ids": [],
                "protocol": "tcp",
                "security_groups": [],
                "self": false,
                "to_port": 22
              },
              {
                "cidr_blocks": [
                  "0.0.0.0/0"
                ],
                "description": "",
                "from_port": 80,
                "ipv6_cidr_blocks": [],
                "prefix_list_ids": [],
                "protocol": "tcp",
                "security_groups": [],
                "self": false,
                "to_port": 80
              }
            ],
            "name": "sg_vpc-0effca92337a7a7a8",
            "name_prefix": "",
            "owner_id": "711635244477",
            "revoke_rules_on_delete": false,
            "tags": {
              "Name": "LB_SG_Rules"
            },
            "tags_all": {
              "Name": "LB_SG_Rules"
            },
            "timeouts": null,
            "vpc_id": "vpc-0effca92337a7a7a8"
          },
          "sensitive_attributes": [],
          "private": "eyJlMmJmYjczMC1lY2FhLTExZTYtOGY4OC0zNDM2M2JjN2M0YzAiOnsiY3JlYXRlIjo2MDAwMDAwMDAwMDAsImRlbGV0ZSI6OTAwMDAwMDAwMDAwfSwic2NoZW1hX3ZlcnNpb24iOiIxIn0=",
          "dependencies": [
            "module.vpc.aws_vpc.this"
          ],
          "create_before_destroy": true
        }
      ]
    },
    {
      "mode": "managed",
      "type": "tls_private_key",
      "name": "example",
      "provider": "provider[\"registry.terraform.io/hashicorp/tls\"]",
      "instances": [
        {
          "schema_version": 1,
          "attributes": {
            "algorithm": "RSA",
            "ecdsa_curve": "P224",
            "id": "70297ce5b0878331a971f966338226a71313c5a4",
            "private_key_openssh": "-----BEGIN OPENSSH PRIVATE KEY-----\nb3BlbnNzaC1rZXktdjEAAAAABG5vbmUAAAAEbm9uZQAAAAAAAAABAAACFwAAAAdz\nc2gtcnNhAAAAAwEAAQAAAgEA20VuEHi1OGgGmKV8uUe3pXFAXWwgImrdf0xkrERs\nXPtcxx0c98vdPcOACNNqq16LgeO7yGWIrP1nooLNEw3Ha5VCtc88LvYEpJ9JjPFV\nQ3Rwj2HWbDB7bhb5KNixtBVcjV4KD/tvMbPYDLxYl+adg7NGEFQKoX7DqC/SQpgz\nRf9Yk59mmyjp07wYbaiD3uJeFv8vBMQ7q1dIkv96V/R/aISlM/s/RSspYQcXQucg\nx1lVGPE+gvycjfVg2WzpeGpSGTG550/vWH4fqW4aD8RmklhL+HgXsvVUtKoRkkUs\nwpjdEO3WXly5Lh+OGFRqLvbWlwFDQRB2sO0+Oz3INIRwV6nDKMGlg3FXa4l99oxn\nT7uEhzMP2VpypP7bs6MAB8A/aM9PynAYNM9KNLsmP/Bx5a4WlC9sep6CKICwqCAG\nHxkELqouVglkPlO7AeN4urLqCrLiNrEJY1pWisFRVWW2pxF2kLzG/+wRRHGz8N11\nAso/Nt2K5dGHy+R7hDipAdy2Pc3QCNg+Cyc25btk3YRgLzLl5aXuhD3EN9BdjDb0\nBnhGa3dc5PzGJikyfN7IN7BQq9eU5twy8Lv5NLKnbvVKGDWbcEDD2oK9IEYQj+Yg\nNCnFyof/bTqJPwKgaHE5Pkb6sSe4ephHBAJf4fbxYotqA+J6HqduGPSgKeDk3v27\nM20AAAc45WWit+VlorcAAAAHc3NoLXJzYQAAAgEA20VuEHi1OGgGmKV8uUe3pXFA\nXWwgImrdf0xkrERsXPtcxx0c98vdPcOACNNqq16LgeO7yGWIrP1nooLNEw3Ha5VC\ntc88LvYEpJ9JjPFVQ3Rwj2HWbDB7bhb5KNixtBVcjV4KD/tvMbPYDLxYl+adg7NG\nEFQKoX7DqC/SQpgzRf9Yk59mmyjp07wYbaiD3uJeFv8vBMQ7q1dIkv96V/R/aISl\nM/s/RSspYQcXQucgx1lVGPE+gvycjfVg2WzpeGpSGTG550/vWH4fqW4aD8RmklhL\n+HgXsvVUtKoRkkUswpjdEO3WXly5Lh+OGFRqLvbWlwFDQRB2sO0+Oz3INIRwV6nD\nKMGlg3FXa4l99oxnT7uEhzMP2VpypP7bs6MAB8A/aM9PynAYNM9KNLsmP/Bx5a4W\nlC9sep6CKICwqCAGHxkELqouVglkPlO7AeN4urLqCrLiNrEJY1pWisFRVWW2pxF2\nkLzG/+wRRHGz8N11Aso/Nt2K5dGHy+R7hDipAdy2Pc3QCNg+Cyc25btk3YRgLzLl\n5aXuhD3EN9BdjDb0BnhGa3dc5PzGJikyfN7IN7BQq9eU5twy8Lv5NLKnbvVKGDWb\ncEDD2oK9IEYQj+YgNCnFyof/bTqJPwKgaHE5Pkb6sSe4ephHBAJf4fbxYotqA+J6\nHqduGPSgKeDk3v27M20AAAADAQABAAACACC0b2E3j9gU8/7ql/rOrp6XkMEecoCP\nre/hxhZHsl4AA+uS9RIkryAaO8uVNRDQbkB2ZjjSpBshRMbheZMA+CCcx7F0coaS\nnUislXzXNh90i6FnN2M1rANUm98yyvaQRRi00Q1nNEOWjn//y7sEY7QUFjwzPM6v\nqKE6WMMkDmm/V0fVe6li5dV19bLNcrXYz63ga/PrDPdWcnWyc14RErvVJQrmy54W\nfPqC4z5QWPxC38Vznh5NbVBjLAniC8SxHwOw/gh5TLrHPRO5X1vAsIfdcZ9i0i4Y\nF4VG5I4LkUyJHlf7EYFLlTdC75/DX38XxBQL1SssOHfVOvX9FhJ3OoYiFgJQNsR3\nCud2i6863532A9L5geqy43Zrgu7bB5S2KajHM7JxLjBP/zuyn//spYdR2UMh/7xC\nlFDOeFcvNztnwpotBWIWHBd3Y1q3vaOn4RdA8jcPllxyU0PC4BMbLIfddTrGa3gg\nAY2eryAqnCF9sjT3cuze6EQmqpk9/nXqkbktCvJ20u8XG64VTt3n3Zoby1WnstrD\n6s6l62rnROex3PGRaqS+Bcz1+av2R2iDptpEzklSTkvjSMngvFR6L+GDgR+GRNTr\nYPFcyRj3ulTuIJvStOdR4ijW6c+agpb9JneKoC8HVoF/RB1O3VU2z/Kag3Ab/tKC\ntCaDRWpJ/HYhAAABAALy3u2PJZ85vx6VOrBUtVJrgy1Ab0xQjhajNWcAot0lwpFa\nGEE0F1fL2UHzmI1XAeanOGUA/se8oeq9OZSpZkadDtCWRm8ki9hPQJ3cxzkjJvjQ\ncc6yxcsPXFWfiEeuKRzvqSEbe5Idbfpkn3exWvf5Ian3cGIX5AfGg2uLKTvxURHa\nAVaz/fwbENDhNEyFfUYGvqFJQ+iZauygCSSuiTfFtwRq2L5t3LKE7VOA5Zifyxse\n16ACi2PKbJPdkYHBPECmjo/x/fM3SXG+XEKug0fsBV+qlJ+obTIXN1/MdLRSKxze\njZpTBFiDZ+1f54NCihjzpSnJeYsRtErTrtVut7kAAAEBAOmyd+1wkg0GAgiXTDGH\nv3jZiNAFMfq0LAccY0mj6MJCYu21A64UKZ9KE57SxUiAGswEroT0sFeuL8Fu7FUB\n9zkZbQEhd7lRVR6rJr+zfA+FfjGjdz1Os0DM2Wy/CDkWm6Q3GtSmD1qZZ/mrrjKb\nCO9DWZ/PrLaYloPEYIqyQXUnmlvF/vFRdYL6gLr1FmsUHCrjCuHCbizBv9q/sU6R\nuI4El3ivcll/7CrG7sgGh1pH/a/zZpbleXUIs4cp7JrV+Kh5pa7vT/WIj/xIn/7y\nXSovjeP+HmKeYf1X1ne8vXhuT3QcEX1bt8f4znTZJk/1kw0j04d+/oTkhhDLnmhX\nvbUAAAEBAPAyhE0ljVPjPzIyzbIj0SrDRXtmhTO96hslXSFhyON5og0ry69GIeo3\n0NFux7bO4hOu7axHR+X3Dh+GTlwYBGNwdE6hW9My5i7VZhjx6cV/cRVwFpbCaa9f\nyaFc2YQbV7djH84/ThPfecgSxCdtDV71nSOLf3Q1wsZ+T6LDPVpJ5fjpIbbN1zEx\nSQgp7OWcylHNBhvQdsoS+q1b1iz6iyAcmhS5LSqbL1c2Grn8CzzHIXLpEq3pmekI\nhBArX8Uc8nF8U6j/l2euAo8ePLiAgIkeZWi4Q/RLRfWG1bEKsqAnvpD4Q+3Opqpl\n6KnBLhzIcevVI05Du9O7gNbUx2U08dkAAAAAAQID\n-----END OPENSSH PRIVATE KEY-----\n",
            "private_key_pem": "-----BEGIN RSA PRIVATE KEY-----\nMIIJJwIBAAKCAgEA20VuEHi1OGgGmKV8uUe3pXFAXWwgImrdf0xkrERsXPtcxx0c\n98vdPcOACNNqq16LgeO7yGWIrP1nooLNEw3Ha5VCtc88LvYEpJ9JjPFVQ3Rwj2HW\nbDB7bhb5KNixtBVcjV4KD/tvMbPYDLxYl+adg7NGEFQKoX7DqC/SQpgzRf9Yk59m\nmyjp07wYbaiD3uJeFv8vBMQ7q1dIkv96V/R/aISlM/s/RSspYQcXQucgx1lVGPE+\ngvycjfVg2WzpeGpSGTG550/vWH4fqW4aD8RmklhL+HgXsvVUtKoRkkUswpjdEO3W\nXly5Lh+OGFRqLvbWlwFDQRB2sO0+Oz3INIRwV6nDKMGlg3FXa4l99oxnT7uEhzMP\n2VpypP7bs6MAB8A/aM9PynAYNM9KNLsmP/Bx5a4WlC9sep6CKICwqCAGHxkELqou\nVglkPlO7AeN4urLqCrLiNrEJY1pWisFRVWW2pxF2kLzG/+wRRHGz8N11Aso/Nt2K\n5dGHy+R7hDipAdy2Pc3QCNg+Cyc25btk3YRgLzLl5aXuhD3EN9BdjDb0BnhGa3dc\n5PzGJikyfN7IN7BQq9eU5twy8Lv5NLKnbvVKGDWbcEDD2oK9IEYQj+YgNCnFyof/\nbTqJPwKgaHE5Pkb6sSe4ephHBAJf4fbxYotqA+J6HqduGPSgKeDk3v27M20CAwEA\nAQKCAgAgtG9hN4/YFPP+6pf6zq6el5DBHnKAj63v4cYWR7JeAAPrkvUSJK8gGjvL\nlTUQ0G5AdmY40qQbIUTG4XmTAPggnMexdHKGkp1IrJV81zYfdIuhZzdjNawDVJvf\nMsr2kEUYtNENZzRDlo5//8u7BGO0FBY8MzzOr6ihOljDJA5pv1dH1XupYuXVdfWy\nzXK12M+t4Gvz6wz3VnJ1snNeERK71SUK5sueFnz6guM+UFj8Qt/Fc54eTW1QYywJ\n4gvEsR8DsP4IeUy6xz0TuV9bwLCH3XGfYtIuGBeFRuSOC5FMiR5X+xGBS5U3Qu+f\nw19/F8QUC9UrLDh31Tr1/RYSdzqGIhYCUDbEdwrndouvOt+d9gPS+YHqsuN2a4Lu\n2weUtimoxzOycS4wT/87sp//7KWHUdlDIf+8QpRQznhXLzc7Z8KaLQViFhwXd2Na\nt72jp+EXQPI3D5ZcclNDwuATGyyH3XU6xmt4IAGNnq8gKpwhfbI093Ls3uhEJqqZ\nPf516pG5LQrydtLvFxuuFU7d592aG8tVp7Law+rOpetq50TnsdzxkWqkvgXM9fmr\n9kdog6baRM5JUk5L40jJ4LxUei/hg4EfhkTU62DxXMkY97pU7iCb0rTnUeIo1unP\nmoKW/SZ3iqAvB1aBf0QdTt1VNs/ymoNwG/7SgrQmg0VqSfx2IQKCAQEA6bJ37XCS\nDQYCCJdMMYe/eNmI0AUx+rQsBxxjSaPowkJi7bUDrhQpn0oTntLFSIAazASuhPSw\nV64vwW7sVQH3ORltASF3uVFVHqsmv7N8D4V+MaN3PU6zQMzZbL8IORabpDca1KYP\nWpln+auuMpsI70NZn8+stpiWg8RgirJBdSeaW8X+8VF1gvqAuvUWaxQcKuMK4cJu\nLMG/2r+xTpG4jgSXeK9yWX/sKsbuyAaHWkf9r/NmluV5dQizhynsmtX4qHmlru9P\n9YiP/Eif/vJdKi+N4/4eYp5h/VfWd7y9eG5PdBwRfVu3x/jOdNkmT/WTDSPTh37+\nhOSGEMueaFe9tQKCAQEA8DKETSWNU+M/MjLNsiPRKsNFe2aFM73qGyVdIWHI43mi\nDSvLr0Yh6jfQ0W7Hts7iE67trEdH5fcOH4ZOXBgEY3B0TqFb0zLmLtVmGPHpxX9x\nFXAWlsJpr1/JoVzZhBtXt2Mfzj9OE995yBLEJ20NXvWdI4t/dDXCxn5PosM9Wknl\n+Okhts3XMTFJCCns5ZzKUc0GG9B2yhL6rVvWLPqLIByaFLktKpsvVzYaufwLPMch\ncukSremZ6QiEECtfxRzycXxTqP+XZ64Cjx48uICAiR5laLhD9EtF9YbVsQqyoCe+\nkPhD7c6mqmXoqcEuHMhx69UjTkO707uA1tTHZTTx2QKCAQB3o40v+lRa5HuACGzS\nYouMg9k9nZtDnJ95mHfgCFCtuqzIwsW6hcn1KUg4I/Ept6OAVNk/acEpchwyq+XD\nczksey7JyGdxcQjhpX813t4hWBcNtIDj2vl7sCOTP40nJMLTY/6RZN4xZJ3NPK32\nbFY7n0Avx3LFHALaPFusRaurHXYxi4CD7E77meDzVWt/sBDnh8pXX2Fl+l6Mz1wn\nPAS+d+1PtIoW9Z1jHOq7blQ2zOo7/KDFmX7/gk/eX4Eol2gwX+6JSyylJ5+G6Ws3\nar51TVkXok3N8QV7XE+IhxB8qgR1DbWKdrz0XBTdzxmFD9STgobVNBd60z8rNALJ\nqjmNAoIBAH0Kf089/k2uXma+hdB3ztrJHvG3lB40fpu1Hr9TDWZGGrNqmjVbeCpa\n9i0g03z6RDzk8rudu/MeYs7MdxyAMECn+RQ58fiHZcb5tpXD0ePLjU4QtOG0wZnX\nbrq/AElChq5kPtl6oSW9T8N06YJwxeYqTKyFYUtY9VWpycE8jELld3/VtYRZse3c\n71z9nmKF9dkRt11hb4WQzcjTpzJxF14XJasmHzov4TwwYUdyy1LPgz0z0lKQ6lui\n4EUen1OY1yl3BIJU1DfYIWLp5chStRcsqLQUQOP7D6dakwIARK8VIaKMa6hvzNmm\nBbHhbCT1wEB6C1Ah+LSnxtGPoWGxZzkCggEAAvLe7Y8lnzm/HpU6sFS1UmuDLUBv\nTFCOFqM1ZwCi3SXCkVoYQTQXV8vZQfOYjVcB5qc4ZQD+x7yh6r05lKlmRp0O0JZG\nbySL2E9AndzHOSMm+NBxzrLFyw9cVZ+IR64pHO+pIRt7kh1t+mSfd7Fa9/khqfdw\nYhfkB8aDa4spO/FREdoBVrP9/BsQ0OE0TIV9Rga+oUlD6Jlq7KAJJK6JN8W3BGrY\nvm3csoTtU4DlmJ/LGx7XoAKLY8psk92RgcE8QKaOj/H98zdJcb5cQq6DR+wFX6qU\nn6htMhc3X8x0tFIrHN6NmlMEWINn7V/ng0KKGPOlKcl5ixG0StOu1W63uQ==\n-----END RSA PRIVATE KEY-----\n",
            "private_key_pem_pkcs8": "-----BEGIN PRIVATE KEY-----\nMIIJQQIBADANBgkqhkiG9w0BAQEFAASCCSswggknAgEAAoICAQDbRW4QeLU4aAaY\npXy5R7elcUBdbCAiat1/TGSsRGxc+1zHHRz3y909w4AI02qrXouB47vIZYis/Wei\ngs0TDcdrlUK1zzwu9gSkn0mM8VVDdHCPYdZsMHtuFvko2LG0FVyNXgoP+28xs9gM\nvFiX5p2Ds0YQVAqhfsOoL9JCmDNF/1iTn2abKOnTvBhtqIPe4l4W/y8ExDurV0iS\n/3pX9H9ohKUz+z9FKylhBxdC5yDHWVUY8T6C/JyN9WDZbOl4alIZMbnnT+9Yfh+p\nbhoPxGaSWEv4eBey9VS0qhGSRSzCmN0Q7dZeXLkuH44YVGou9taXAUNBEHaw7T47\nPcg0hHBXqcMowaWDcVdriX32jGdPu4SHMw/ZWnKk/tuzowAHwD9oz0/KcBg0z0o0\nuyY/8HHlrhaUL2x6noIogLCoIAYfGQQuqi5WCWQ+U7sB43i6suoKsuI2sQljWlaK\nwVFVZbanEXaQvMb/7BFEcbPw3XUCyj823Yrl0YfL5HuEOKkB3LY9zdAI2D4LJzbl\nu2TdhGAvMuXlpe6EPcQ30F2MNvQGeEZrd1zk/MYmKTJ83sg3sFCr15Tm3DLwu/k0\nsqdu9UoYNZtwQMPagr0gRhCP5iA0KcXKh/9tOok/AqBocTk+RvqxJ7h6mEcEAl/h\n9vFii2oD4noep24Y9KAp4OTe/bszbQIDAQABAoICACC0b2E3j9gU8/7ql/rOrp6X\nkMEecoCPre/hxhZHsl4AA+uS9RIkryAaO8uVNRDQbkB2ZjjSpBshRMbheZMA+CCc\nx7F0coaSnUislXzXNh90i6FnN2M1rANUm98yyvaQRRi00Q1nNEOWjn//y7sEY7QU\nFjwzPM6vqKE6WMMkDmm/V0fVe6li5dV19bLNcrXYz63ga/PrDPdWcnWyc14RErvV\nJQrmy54WfPqC4z5QWPxC38Vznh5NbVBjLAniC8SxHwOw/gh5TLrHPRO5X1vAsIfd\ncZ9i0i4YF4VG5I4LkUyJHlf7EYFLlTdC75/DX38XxBQL1SssOHfVOvX9FhJ3OoYi\nFgJQNsR3Cud2i6863532A9L5geqy43Zrgu7bB5S2KajHM7JxLjBP/zuyn//spYdR\n2UMh/7xClFDOeFcvNztnwpotBWIWHBd3Y1q3vaOn4RdA8jcPllxyU0PC4BMbLIfd\ndTrGa3ggAY2eryAqnCF9sjT3cuze6EQmqpk9/nXqkbktCvJ20u8XG64VTt3n3Zob\ny1WnstrD6s6l62rnROex3PGRaqS+Bcz1+av2R2iDptpEzklSTkvjSMngvFR6L+GD\ngR+GRNTrYPFcyRj3ulTuIJvStOdR4ijW6c+agpb9JneKoC8HVoF/RB1O3VU2z/Ka\ng3Ab/tKCtCaDRWpJ/HYhAoIBAQDpsnftcJINBgIIl0wxh7942YjQBTH6tCwHHGNJ\no+jCQmLttQOuFCmfShOe0sVIgBrMBK6E9LBXri/BbuxVAfc5GW0BIXe5UVUeqya/\ns3wPhX4xo3c9TrNAzNlsvwg5FpukNxrUpg9amWf5q64ymwjvQ1mfz6y2mJaDxGCK\nskF1J5pbxf7xUXWC+oC69RZrFBwq4wrhwm4swb/av7FOkbiOBJd4r3JZf+wqxu7I\nBodaR/2v82aW5Xl1CLOHKeya1fioeaWu70/1iI/8SJ/+8l0qL43j/h5inmH9V9Z3\nvL14bk90HBF9W7fH+M502SZP9ZMNI9OHfv6E5IYQy55oV721AoIBAQDwMoRNJY1T\n4z8yMs2yI9Eqw0V7ZoUzveobJV0hYcjjeaINK8uvRiHqN9DRbse2zuITru2sR0fl\n9w4fhk5cGARjcHROoVvTMuYu1WYY8enFf3EVcBaWwmmvX8mhXNmEG1e3Yx/OP04T\n33nIEsQnbQ1e9Z0ji390NcLGfk+iwz1aSeX46SG2zdcxMUkIKezlnMpRzQYb0HbK\nEvqtW9Ys+osgHJoUuS0qmy9XNhq5/As8xyFy6RKt6ZnpCIQQK1/FHPJxfFOo/5dn\nrgKPHjy4gICJHmVouEP0S0X1htWxCrKgJ76Q+EPtzqaqZeipwS4cyHHr1SNOQ7vT\nu4DW1MdlNPHZAoIBAHejjS/6VFrke4AIbNJii4yD2T2dm0Ocn3mYd+AIUK26rMjC\nxbqFyfUpSDgj8Sm3o4BU2T9pwSlyHDKr5cNzOSx7LsnIZ3FxCOGlfzXe3iFYFw20\ngOPa+XuwI5M/jSckwtNj/pFk3jFknc08rfZsVjufQC/HcsUcAto8W6xFq6sddjGL\ngIPsTvuZ4PNVa3+wEOeHyldfYWX6XozPXCc8BL537U+0ihb1nWMc6rtuVDbM6jv8\noMWZfv+CT95fgSiXaDBf7olLLKUnn4bpazdqvnVNWReiTc3xBXtcT4iHEHyqBHUN\ntYp2vPRcFN3PGYUP1JOChtU0F3rTPys0AsmqOY0CggEAfQp/Tz3+Ta5eZr6F0HfO\n2ske8beUHjR+m7Uev1MNZkYas2qaNVt4Klr2LSDTfPpEPOTyu5278x5izsx3HIAw\nQKf5FDnx+Idlxvm2lcPR48uNThC04bTBmdduur8ASUKGrmQ+2XqhJb1Pw3TpgnDF\n5ipMrIVhS1j1VanJwTyMQuV3f9W1hFmx7dzvXP2eYoX12RG3XWFvhZDNyNOnMnEX\nXhclqyYfOi/hPDBhR3LLUs+DPTPSUpDqW6LgRR6fU5jXKXcEglTUN9ghYunlyFK1\nFyyotBRA4/sPp1qTAgBErxUhooxrqG/M2aYFseFsJPXAQHoLUCH4tKfG0Y+hYbFn\nOQKCAQAC8t7tjyWfOb8elTqwVLVSa4MtQG9MUI4WozVnAKLdJcKRWhhBNBdXy9lB\n85iNVwHmpzhlAP7HvKHqvTmUqWZGnQ7QlkZvJIvYT0Cd3Mc5Iyb40HHOssXLD1xV\nn4hHrikc76khG3uSHW36ZJ93sVr3+SGp93BiF+QHxoNriyk78VER2gFWs/38GxDQ\n4TRMhX1GBr6hSUPomWrsoAkkrok3xbcEati+bdyyhO1TgOWYn8sbHtegAotjymyT\n3ZGBwTxApo6P8f3zN0lxvlxCroNH7AVfqpSfqG0yFzdfzHS0Uisc3o2aUwRYg2ft\nX+eDQooY86UpyXmLEbRK067Vbre5\n-----END PRIVATE KEY-----\n",
            "public_key_fingerprint_md5": "eb:04:2e:22:c1:ed:ea:24:e4:7b:b3:df:5b:1c:69:fa",
            "public_key_fingerprint_sha256": "SHA256:WQ2O3NTi5AtKbqh2N3vryN237HeVuuBE7fXmQRegZX8",
            "public_key_openssh": "ssh-rsa AAAAB3NzaC1yc2EAAAADAQABAAACAQDbRW4QeLU4aAaYpXy5R7elcUBdbCAiat1/TGSsRGxc+1zHHRz3y909w4AI02qrXouB47vIZYis/Weigs0TDcdrlUK1zzwu9gSkn0mM8VVDdHCPYdZsMHtuFvko2LG0FVyNXgoP+28xs9gMvFiX5p2Ds0YQVAqhfsOoL9JCmDNF/1iTn2abKOnTvBhtqIPe4l4W/y8ExDurV0iS/3pX9H9ohKUz+z9FKylhBxdC5yDHWVUY8T6C/JyN9WDZbOl4alIZMbnnT+9Yfh+pbhoPxGaSWEv4eBey9VS0qhGSRSzCmN0Q7dZeXLkuH44YVGou9taXAUNBEHaw7T47Pcg0hHBXqcMowaWDcVdriX32jGdPu4SHMw/ZWnKk/tuzowAHwD9oz0/KcBg0z0o0uyY/8HHlrhaUL2x6noIogLCoIAYfGQQuqi5WCWQ+U7sB43i6suoKsuI2sQljWlaKwVFVZbanEXaQvMb/7BFEcbPw3XUCyj823Yrl0YfL5HuEOKkB3LY9zdAI2D4LJzblu2TdhGAvMuXlpe6EPcQ30F2MNvQGeEZrd1zk/MYmKTJ83sg3sFCr15Tm3DLwu/k0sqdu9UoYNZtwQMPagr0gRhCP5iA0KcXKh/9tOok/AqBocTk+RvqxJ7h6mEcEAl/h9vFii2oD4noep24Y9KAp4OTe/bszbQ==\n",
            "public_key_pem": "-----BEGIN PUBLIC KEY-----\nMIICIjANBgkqhkiG9w0BAQEFAAOCAg8AMIICCgKCAgEA20VuEHi1OGgGmKV8uUe3\npXFAXWwgImrdf0xkrERsXPtcxx0c98vdPcOACNNqq16LgeO7yGWIrP1nooLNEw3H\na5VCtc88LvYEpJ9JjPFVQ3Rwj2HWbDB7bhb5KNixtBVcjV4KD/tvMbPYDLxYl+ad\ng7NGEFQKoX7DqC/SQpgzRf9Yk59mmyjp07wYbaiD3uJeFv8vBMQ7q1dIkv96V/R/\naISlM/s/RSspYQcXQucgx1lVGPE+gvycjfVg2WzpeGpSGTG550/vWH4fqW4aD8Rm\nklhL+HgXsvVUtKoRkkUswpjdEO3WXly5Lh+OGFRqLvbWlwFDQRB2sO0+Oz3INIRw\nV6nDKMGlg3FXa4l99oxnT7uEhzMP2VpypP7bs6MAB8A/aM9PynAYNM9KNLsmP/Bx\n5a4WlC9sep6CKICwqCAGHxkELqouVglkPlO7AeN4urLqCrLiNrEJY1pWisFRVWW2\npxF2kLzG/+wRRHGz8N11Aso/Nt2K5dGHy+R7hDipAdy2Pc3QCNg+Cyc25btk3YRg\nLzLl5aXuhD3EN9BdjDb0BnhGa3dc5PzGJikyfN7IN7BQq9eU5twy8Lv5NLKnbvVK\nGDWbcEDD2oK9IEYQj+YgNCnFyof/bTqJPwKgaHE5Pkb6sSe4ephHBAJf4fbxYotq\nA+J6HqduGPSgKeDk3v27M20CAwEAAQ==\n-----END PUBLIC KEY-----\n",
            "rsa_bits": 4096
          },
          "sensitive_attributes": [],
          "create_before_destroy": true
        }
      ]
    },
    {
      "module": "module.ec2_instance[\"Blue\"]",
      "mode": "managed",
      "type": "aws_instance",
      "name": "this",
      "provider": "provider[\"registry.terraform.io/hashicorp/aws\"]",
      "instances": [
        {
          "index_key": 0,
          "schema_version": 1,
          "attributes": {
            "ami": "ami-0e2031728ef69a466",
            "arn": "arn:aws:ec2:eu-central-1:711635244477:instance/i-053e7237338fa2790",
            "associate_public_ip_address": true,
            "availability_zone": "eu-central-1a",
            "capacity_reservation_specification": [
              {
                "capacity_reservation_preference": "open",
                "capacity_reservation_target": []
              }
            ],
            "cpu_core_count": 1,
            "cpu_threads_per_core": 1,
            "credit_specification": [
              {
                "cpu_credits": "standard"
              }
            ],
            "disable_api_stop": false,
            "disable_api_termination": false,
            "ebs_block_device": [],
            "ebs_optimized": false,
            "enclave_options": [
              {
                "enabled": false
              }
            ],
            "ephemeral_block_device": [],
            "get_password_data": false,
            "hibernation": false,
            "host_id": null,
            "host_resource_group_arn": null,
            "iam_instance_profile": "",
            "id": "i-053e7237338fa2790",
            "instance_initiated_shutdown_behavior": "stop",
            "instance_state": "running",
            "instance_type": "t2.micro",
            "ipv6_address_count": 0,
            "ipv6_addresses": [],
            "key_name": "default_key",
            "launch_template": [],
            "maintenance_options": [
              {
                "auto_recovery": "default"
              }
            ],
            "metadata_options": [
              {
                "http_endpoint": "enabled",
                "http_put_response_hop_limit": 1,
                "http_tokens": "optional",
                "instance_metadata_tags": "disabled"
              }
            ],
            "monitoring": false,
            "network_interface": [],
            "outpost_arn": "",
            "password_data": "",
            "placement_group": "",
            "placement_partition_number": null,
            "primary_network_interface_id": "eni-0316bdd2c284d5c8d",
            "private_dns": "ip-10-0-4-107.eu-central-1.compute.internal",
            "private_dns_name_options": [
              {
                "enable_resource_name_dns_a_record": false,
                "enable_resource_name_dns_aaaa_record": false,
                "hostname_type": "ip-name"
              }
            ],
            "private_ip": "10.0.4.107",
            "public_dns": "ec2-3-123-23-237.eu-central-1.compute.amazonaws.com",
            "public_ip": "3.123.23.237",
            "root_block_device": [
              {
                "delete_on_termination": true,
                "device_name": "/dev/xvda",
                "encrypted": false,
                "iops": 100,
                "kms_key_id": "",
                "tags": {},
                "throughput": 0,
                "volume_id": "vol-0f5babb4f9b5214d4",
                "volume_size": 8,
                "volume_type": "gp2"
              }
            ],
            "secondary_private_ips": [],
            "security_groups": [],
            "source_dest_check": true,
            "subnet_id": "subnet-087c4f5857d3762bb",
            "tags": {
              "Name": "instance-Blue",
              "lb": "artur"
            },
            "tags_all": {
              "Name": "instance-Blue",
              "lb": "artur"
            },
            "tenancy": "default",
            "timeouts": {
              "create": null,
              "delete": null,
              "update": null
            },
            "user_data": "74c215301a417ae0c6d291ffec4676e5844a3fa3",
            "user_data_base64": null,
            "user_data_replace_on_change": false,
            "volume_tags": {
              "Name": "instance-Blue"
            },
            "vpc_security_group_ids": [
              "sg-036529030e959f9b9"
            ]
          },
          "sensitive_attributes": [],
          "private": "eyJlMmJmYjczMC1lY2FhLTExZTYtOGY4OC0zNDM2M2JjN2M0YzAiOnsiY3JlYXRlIjo2MDAwMDAwMDAwMDAsImRlbGV0ZSI6MTIwMDAwMDAwMDAwMCwidXBkYXRlIjo2MDAwMDAwMDAwMDB9LCJzY2hlbWFfdmVyc2lvbiI6IjEifQ==",
          "dependencies": [
            "aws_key_pair.generated_key",
            "aws_security_group.my-sg",
            "data.aws_availability_zones.available",
            "module.vpc.aws_subnet.public",
            "module.vpc.aws_vpc.this",
            "module.vpc.aws_vpc_ipv4_cidr_block_association.this",
            "tls_private_key.example"
          ],
          "create_before_destroy": true
        }
      ]
    },
    {
      "module": "module.ec2_instance[\"Green\"]",
      "mode": "managed",
      "type": "aws_instance",
      "name": "this",
      "provider": "provider[\"registry.terraform.io/hashicorp/aws\"]",
      "instances": [
        {
          "index_key": 0,
          "schema_version": 1,
          "attributes": {
            "ami": "ami-0e2031728ef69a466",
            "arn": "arn:aws:ec2:eu-central-1:711635244477:instance/i-02c508cdbffea038d",
            "associate_public_ip_address": true,
            "availability_zone": "eu-central-1a",
            "capacity_reservation_specification": [
              {
                "capacity_reservation_preference": "open",
                "capacity_reservation_target": []
              }
            ],
            "cpu_core_count": 1,
            "cpu_threads_per_core": 1,
            "credit_specification": [
              {
                "cpu_credits": "standard"
              }
            ],
            "disable_api_stop": false,
            "disable_api_termination": false,
            "ebs_block_device": [],
            "ebs_optimized": false,
            "enclave_options": [
              {
                "enabled": false
              }
            ],
            "ephemeral_block_device": [],
            "get_password_data": false,
            "hibernation": false,
            "host_id": null,
            "host_resource_group_arn": null,
            "iam_instance_profile": "",
            "id": "i-02c508cdbffea038d",
            "instance_initiated_shutdown_behavior": "stop",
            "instance_state": "running",
            "instance_type": "t2.micro",
            "ipv6_address_count": 0,
            "ipv6_addresses": [],
            "key_name": "default_key",
            "launch_template": [],
            "maintenance_options": [
              {
                "auto_recovery": "default"
              }
            ],
            "metadata_options": [
              {
                "http_endpoint": "enabled",
                "http_put_response_hop_limit": 1,
                "http_tokens": "optional",
                "instance_metadata_tags": "disabled"
              }
            ],
            "monitoring": false,
            "network_interface": [],
            "outpost_arn": "",
            "password_data": "",
            "placement_group": "",
            "placement_partition_number": null,
            "primary_network_interface_id": "eni-02ecac45473d46ea1",
            "private_dns": "ip-10-0-4-74.eu-central-1.compute.internal",
            "private_dns_name_options": [
              {
                "enable_resource_name_dns_a_record": false,
                "enable_resource_name_dns_aaaa_record": false,
                "hostname_type": "ip-name"
              }
            ],
            "private_ip": "10.0.4.74",
            "public_dns": "ec2-18-184-50-207.eu-central-1.compute.amazonaws.com",
            "public_ip": "18.184.50.207",
            "root_block_device": [
              {
                "delete_on_termination": true,
                "device_name": "/dev/xvda",
                "encrypted": false,
                "iops": 100,
                "kms_key_id": "",
                "tags": {},
                "throughput": 0,
                "volume_id": "vol-0ae3425a41c2161f5",
                "volume_size": 8,
                "volume_type": "gp2"
              }
            ],
            "secondary_private_ips": [],
            "security_groups": [],
            "source_dest_check": true,
            "subnet_id": "subnet-087c4f5857d3762bb",
            "tags": {
              "Name": "instance-Green",
              "lb": "artur"
            },
            "tags_all": {
              "Name": "instance-Green",
              "lb": "artur"
            },
            "tenancy": "default",
            "timeouts": {
              "create": null,
              "delete": null,
              "update": null
            },
            "user_data": "74c215301a417ae0c6d291ffec4676e5844a3fa3",
            "user_data_base64": null,
            "user_data_replace_on_change": false,
            "volume_tags": {
              "Name": "instance-Green"
            },
            "vpc_security_group_ids": [
              "sg-036529030e959f9b9"
            ]
          },
          "sensitive_attributes": [],
          "private": "eyJlMmJmYjczMC1lY2FhLTExZTYtOGY4OC0zNDM2M2JjN2M0YzAiOnsiY3JlYXRlIjo2MDAwMDAwMDAwMDAsImRlbGV0ZSI6MTIwMDAwMDAwMDAwMCwidXBkYXRlIjo2MDAwMDAwMDAwMDB9LCJzY2hlbWFfdmVyc2lvbiI6IjEifQ==",
          "dependencies": [
            "aws_key_pair.generated_key",
            "aws_security_group.my-sg",
            "data.aws_availability_zones.available",
            "module.vpc.aws_subnet.public",
            "module.vpc.aws_vpc.this",
            "module.vpc.aws_vpc_ipv4_cidr_block_association.this",
            "tls_private_key.example"
          ],
          "create_before_destroy": true
        }
      ]
    },
    {
      "module": "module.elb.module.elb",
      "mode": "managed",
      "type": "aws_elb",
      "name": "this",
      "provider": "provider[\"registry.terraform.io/hashicorp/aws\"]",
      "instances": [
        {
          "index_key": 0,
          "schema_version": 0,
          "attributes": {
            "access_logs": [],
            "arn": "arn:aws:elasticloadbalancing:eu-central-1:711635244477:loadbalancer/elb",
            "availability_zones": [
              "eu-central-1a"
            ],
            "connection_draining": false,
            "connection_draining_timeout": 300,
            "cross_zone_load_balancing": true,
            "desync_mitigation_mode": "defensive",
            "dns_name": "elb-1671035535.eu-central-1.elb.amazonaws.com",
            "health_check": [
              {
                "healthy_threshold": 2,
                "interval": 30,
                "target": "HTTP:80/",
                "timeout": 5,
                "unhealthy_threshold": 2
              }
            ],
            "id": "elb",
            "idle_timeout": 60,
            "instances": [],
            "internal": false,
            "listener": [
              {
                "instance_port": 80,
                "instance_protocol": "HTTP",
                "lb_port": 80,
                "lb_protocol": "HTTP",
                "ssl_certificate_id": ""
              }
            ],
            "name": "elb",
            "name_prefix": null,
            "security_groups": [
              "sg-036529030e959f9b9"
            ],
            "source_security_group": "711635244477/sg_vpc-0effca92337a7a7a8",
            "source_security_group_id": "sg-036529030e959f9b9",
            "subnets": [
              "subnet-087c4f5857d3762bb"
            ],
            "tags": {
              "Name": "elb"
            },
            "tags_all": {
              "Name": "elb"
            },
            "zone_id": "Z215JYRZR1TBD5"
          },
          "sensitive_attributes": [],
          "private": "bnVsbA==",
          "dependencies": [
            "aws_key_pair.generated_key",
            "aws_security_group.my-sg",
            "data.aws_availability_zones.available",
            "module.ec2_instance.aws_instance.this",
            "module.ec2_instance.aws_spot_instance_request.this",
            "module.vpc.aws_subnet.public",
            "module.vpc.aws_vpc.this",
            "module.vpc.aws_vpc_ipv4_cidr_block_association.this",
            "tls_private_key.example"
          ],
          "create_before_destroy": true
        }
      ]
    },
    {
      "module": "module.elb.module.elb_attachment",
      "mode": "managed",
      "type": "aws_elb_attachment",
      "name": "this",
      "provider": "provider[\"registry.terraform.io/hashicorp/aws\"]",
      "instances": [
        {
          "index_key": 0,
          "schema_version": 0,
          "attributes": {
            "elb": "elb",
            "id": "elb-20221023082459750000000003",
            "instance": "i-053e7237338fa2790"
          },
          "sensitive_attributes": [],
          "private": "bnVsbA==",
          "dependencies": [
            "aws_key_pair.generated_key",
            "aws_security_group.my-sg",
            "data.aws_availability_zones.available",
            "module.ec2_instance.aws_instance.this",
            "module.ec2_instance.aws_spot_instance_request.this",
            "module.elb.module.elb.aws_elb.this",
            "module.vpc.aws_subnet.public",
            "module.vpc.aws_vpc.this",
            "module.vpc.aws_vpc_ipv4_cidr_block_association.this",
            "tls_private_key.example"
          ]
        },
        {
          "index_key": 1,
          "schema_version": 0,
          "attributes": {
            "elb": "elb",
            "id": "elb-20221023082459912300000004",
            "instance": "i-02c508cdbffea038d"
          },
          "sensitive_attributes": [],
          "private": "bnVsbA==",
          "dependencies": [
            "aws_key_pair.generated_key",
            "aws_security_group.my-sg",
            "data.aws_availability_zones.available",
            "module.ec2_instance.aws_instance.this",
            "module.ec2_instance.aws_spot_instance_request.this",
            "module.elb.module.elb.aws_elb.this",
            "module.vpc.aws_subnet.public",
            "module.vpc.aws_vpc.this",
            "module.vpc.aws_vpc_ipv4_cidr_block_association.this",
            "tls_private_key.example"
          ]
        }
      ]
    },
    {
      "module": "module.vpc",
      "mode": "managed",
      "type": "aws_eip",
      "name": "nat",
      "provider": "provider[\"registry.terraform.io/hashicorp/aws\"]",
      "instances": [
        {
          "index_key": 0,
          "schema_version": 0,
          "attributes": {
            "address": null,
            "allocation_id": "eipalloc-0b99a1d19812c6e53",
            "associate_with_private_ip": null,
            "association_id": "",
            "carrier_ip": "",
            "customer_owned_ip": "",
            "customer_owned_ipv4_pool": "",
            "domain": "vpc",
            "id": "eipalloc-0b99a1d19812c6e53",
            "instance": "",
            "network_border_group": "eu-central-1",
            "network_interface": "",
            "private_dns": null,
            "private_ip": "",
            "public_dns": "ec2-3-126-20-109.eu-central-1.compute.amazonaws.com",
            "public_ip": "3.126.20.109",
            "public_ipv4_pool": "amazon",
            "tags": {
              "Name": "lb-vpc-eu-central-1a",
              "lb": "artur"
            },
            "tags_all": {
              "Name": "lb-vpc-eu-central-1a",
              "lb": "artur"
            },
            "timeouts": null,
            "vpc": true
          },
          "sensitive_attributes": [],
          "private": "eyJlMmJmYjczMC1lY2FhLTExZTYtOGY4OC0zNDM2M2JjN2M0YzAiOnsiZGVsZXRlIjoxODAwMDAwMDAwMDAsInJlYWQiOjkwMDAwMDAwMDAwMCwidXBkYXRlIjozMDAwMDAwMDAwMDB9fQ==",
          "dependencies": [
            "data.aws_availability_zones.available"
          ]
        }
      ]
    },
    {
      "module": "module.vpc",
      "mode": "managed",
      "type": "aws_internet_gateway",
      "name": "this",
      "provider": "provider[\"registry.terraform.io/hashicorp/aws\"]",
      "instances": [
        {
          "index_key": 0,
          "schema_version": 0,
          "attributes": {
            "arn": "arn:aws:ec2:eu-central-1:711635244477:internet-gateway/igw-070b23d7f19617132",
            "id": "igw-070b23d7f19617132",
            "owner_id": "711635244477",
            "tags": {
              "Name": "lb-vpc",
              "lb": "artur"
            },
            "tags_all": {
              "Name": "lb-vpc",
              "lb": "artur"
            },
            "timeouts": null,
            "vpc_id": "vpc-0effca92337a7a7a8"
          },
          "sensitive_attributes": [],
          "private": "eyJlMmJmYjczMC1lY2FhLTExZTYtOGY4OC0zNDM2M2JjN2M0YzAiOnsiY3JlYXRlIjoxMjAwMDAwMDAwMDAwLCJkZWxldGUiOjEyMDAwMDAwMDAwMDAsInVwZGF0ZSI6MTIwMDAwMDAwMDAwMH19",
          "dependencies": [
            "module.vpc.aws_vpc.this",
            "module.vpc.aws_vpc_ipv4_cidr_block_association.this"
          ]
        }
      ]
    },
    {
      "module": "module.vpc",
      "mode": "managed",
      "type": "aws_nat_gateway",
      "name": "this",
      "provider": "provider[\"registry.terraform.io/hashicorp/aws\"]",
      "instances": [
        {
          "index_key": 0,
          "schema_version": 0,
          "attributes": {
            "allocation_id": "eipalloc-0b99a1d19812c6e53",
            "connectivity_type": "public",
            "id": "nat-00032128fc2ee95f1",
            "network_interface_id": "eni-003b8ca8d29959628",
            "private_ip": "10.0.4.54",
            "public_ip": "3.126.20.109",
            "subnet_id": "subnet-087c4f5857d3762bb",
            "tags": {
              "Name": "lb-vpc-eu-central-1a",
              "lb": "artur"
            },
            "tags_all": {
              "Name": "lb-vpc-eu-central-1a",
              "lb": "artur"
            }
          },
          "sensitive_attributes": [],
          "private": "bnVsbA==",
          "dependencies": [
            "data.aws_availability_zones.available",
            "module.vpc.aws_eip.nat",
            "module.vpc.aws_internet_gateway.this",
            "module.vpc.aws_subnet.public",
            "module.vpc.aws_vpc.this",
            "module.vpc.aws_vpc_ipv4_cidr_block_association.this"
          ]
        }
      ]
    },
    {
      "module": "module.vpc",
      "mode": "managed",
      "type": "aws_route",
      "name": "private_nat_gateway",
      "provider": "provider[\"registry.terraform.io/hashicorp/aws\"]",
      "instances": [
        {
          "index_key": 0,
          "schema_version": 0,
          "attributes": {
            "carrier_gateway_id": "",
            "core_network_arn": "",
            "destination_cidr_block": "0.0.0.0/0",
            "destination_ipv6_cidr_block": "",
            "destination_prefix_list_id": "",
            "egress_only_gateway_id": "",
            "gateway_id": "",
            "id": "r-rtb-0990938217621b2d01080289494",
            "instance_id": "",
            "instance_owner_id": "",
            "local_gateway_id": "",
            "nat_gateway_id": "nat-00032128fc2ee95f1",
            "network_interface_id": "",
            "origin": "CreateRoute",
            "route_table_id": "rtb-0990938217621b2d0",
            "state": "active",
            "timeouts": {
              "create": "5m",
              "delete": null,
              "update": null
            },
            "transit_gateway_id": "",
            "vpc_endpoint_id": "",
            "vpc_peering_connection_id": ""
          },
          "sensitive_attributes": [],
          "private": "eyJlMmJmYjczMC1lY2FhLTExZTYtOGY4OC0zNDM2M2JjN2M0YzAiOnsiY3JlYXRlIjozMDAwMDAwMDAwMDAsImRlbGV0ZSI6MzAwMDAwMDAwMDAwLCJ1cGRhdGUiOjEyMDAwMDAwMDAwMH19",
          "dependencies": [
            "data.aws_availability_zones.available",
            "module.vpc.aws_eip.nat",
            "module.vpc.aws_internet_gateway.this",
            "module.vpc.aws_nat_gateway.this",
            "module.vpc.aws_route_table.private",
            "module.vpc.aws_subnet.public",
            "module.vpc.aws_vpc.this",
            "module.vpc.aws_vpc_ipv4_cidr_block_association.this"
          ]
        }
      ]
    },
    {
      "module": "module.vpc",
      "mode": "managed",
      "type": "aws_route",
      "name": "public_internet_gateway",
      "provider": "provider[\"registry.terraform.io/hashicorp/aws\"]",
      "instances": [
        {
          "index_key": 0,
          "schema_version": 0,
          "attributes": {
            "carrier_gateway_id": "",
            "core_network_arn": "",
            "destination_cidr_block": "0.0.0.0/0",
            "destination_ipv6_cidr_block": "",
            "destination_prefix_list_id": "",
            "egress_only_gateway_id": "",
            "gateway_id": "igw-070b23d7f19617132",
            "id": "r-rtb-0d4213f09342ab9c71080289494",
            "instance_id": "",
            "instance_owner_id": "",
            "local_gateway_id": "",
            "nat_gateway_id": "",
            "network_interface_id": "",
            "origin": "CreateRoute",
            "route_table_id": "rtb-0d4213f09342ab9c7",
            "state": "active",
            "timeouts": {
              "create": "5m",
              "delete": null,
              "update": null
            },
            "transit_gateway_id": "",
            "vpc_endpoint_id": "",
            "vpc_peering_connection_id": ""
          },
          "sensitive_attributes": [],
          "private": "eyJlMmJmYjczMC1lY2FhLTExZTYtOGY4OC0zNDM2M2JjN2M0YzAiOnsiY3JlYXRlIjozMDAwMDAwMDAwMDAsImRlbGV0ZSI6MzAwMDAwMDAwMDAwLCJ1cGRhdGUiOjEyMDAwMDAwMDAwMH19",
          "dependencies": [
            "module.vpc.aws_internet_gateway.this",
            "module.vpc.aws_route_table.public",
            "module.vpc.aws_vpc.this",
            "module.vpc.aws_vpc_ipv4_cidr_block_association.this"
          ]
        }
      ]
    },
    {
      "module": "module.vpc",
      "mode": "managed",
      "type": "aws_route_table",
      "name": "private",
      "provider": "provider[\"registry.terraform.io/hashicorp/aws\"]",
      "instances": [
        {
          "index_key": 0,
          "schema_version": 0,
          "attributes": {
            "arn": "arn:aws:ec2:eu-central-1:711635244477:route-table/rtb-0990938217621b2d0",
            "id": "rtb-0990938217621b2d0",
            "owner_id": "711635244477",
            "propagating_vgws": [],
            "route": [],
            "tags": {
              "Name": "lb-vpc-private",
              "lb": "artur"
            },
            "tags_all": {
              "Name": "lb-vpc-private",
              "lb": "artur"
            },
            "timeouts": null,
            "vpc_id": "vpc-0effca92337a7a7a8"
          },
          "sensitive_attributes": [],
          "private": "eyJlMmJmYjczMC1lY2FhLTExZTYtOGY4OC0zNDM2M2JjN2M0YzAiOnsiY3JlYXRlIjozMDAwMDAwMDAwMDAsImRlbGV0ZSI6MzAwMDAwMDAwMDAwLCJ1cGRhdGUiOjEyMDAwMDAwMDAwMH19",
          "dependencies": [
            "data.aws_availability_zones.available",
            "module.vpc.aws_vpc.this",
            "module.vpc.aws_vpc_ipv4_cidr_block_association.this"
          ]
        }
      ]
    },
    {
      "module": "module.vpc",
      "mode": "managed",
      "type": "aws_route_table",
      "name": "public",
      "provider": "provider[\"registry.terraform.io/hashicorp/aws\"]",
      "instances": [
        {
          "index_key": 0,
          "schema_version": 0,
          "attributes": {
            "arn": "arn:aws:ec2:eu-central-1:711635244477:route-table/rtb-0d4213f09342ab9c7",
            "id": "rtb-0d4213f09342ab9c7",
            "owner_id": "711635244477",
            "propagating_vgws": [],
            "route": [],
            "tags": {
              "Name": "lb-vpc-public",
              "lb": "artur"
            },
            "tags_all": {
              "Name": "lb-vpc-public",
              "lb": "artur"
            },
            "timeouts": null,
            "vpc_id": "vpc-0effca92337a7a7a8"
          },
          "sensitive_attributes": [],
          "private": "eyJlMmJmYjczMC1lY2FhLTExZTYtOGY4OC0zNDM2M2JjN2M0YzAiOnsiY3JlYXRlIjozMDAwMDAwMDAwMDAsImRlbGV0ZSI6MzAwMDAwMDAwMDAwLCJ1cGRhdGUiOjEyMDAwMDAwMDAwMH19",
          "dependencies": [
            "module.vpc.aws_vpc.this",
            "module.vpc.aws_vpc_ipv4_cidr_block_association.this"
          ]
        }
      ]
    },
    {
      "module": "module.vpc",
      "mode": "managed",
      "type": "aws_route_table_association",
      "name": "private",
      "provider": "provider[\"registry.terraform.io/hashicorp/aws\"]",
      "instances": [
        {
          "index_key": 0,
          "schema_version": 0,
          "attributes": {
            "gateway_id": "",
            "id": "rtbassoc-0d67d33cfac7f2a27",
            "route_table_id": "rtb-0990938217621b2d0",
            "subnet_id": "subnet-0b3355a70306a5018"
          },
          "sensitive_attributes": [],
          "private": "bnVsbA==",
          "dependencies": [
            "data.aws_availability_zones.available",
            "module.vpc.aws_route_table.private",
            "module.vpc.aws_subnet.private",
            "module.vpc.aws_vpc.this",
            "module.vpc.aws_vpc_ipv4_cidr_block_association.this"
          ]
        },
        {
          "index_key": 1,
          "schema_version": 0,
          "attributes": {
            "gateway_id": "",
            "id": "rtbassoc-0d6fe05d621771f34",
            "route_table_id": "rtb-0990938217621b2d0",
            "subnet_id": "subnet-0d2fc2c785bc6e168"
          },
          "sensitive_attributes": [],
          "private": "bnVsbA==",
          "dependencies": [
            "data.aws_availability_zones.available",
            "module.vpc.aws_route_table.private",
            "module.vpc.aws_subnet.private",
            "module.vpc.aws_vpc.this",
            "module.vpc.aws_vpc_ipv4_cidr_block_association.this"
          ]
        },
        {
          "index_key": 2,
          "schema_version": 0,
          "attributes": {
            "gateway_id": "",
            "id": "rtbassoc-0bf5e04db15411432",
            "route_table_id": "rtb-0990938217621b2d0",
            "subnet_id": "subnet-09a78b0f07b5981d5"
          },
          "sensitive_attributes": [],
          "private": "bnVsbA==",
          "dependencies": [
            "data.aws_availability_zones.available",
            "module.vpc.aws_route_table.private",
            "module.vpc.aws_subnet.private",
            "module.vpc.aws_vpc.this",
            "module.vpc.aws_vpc_ipv4_cidr_block_association.this"
          ]
        }
      ]
    },
    {
      "module": "module.vpc",
      "mode": "managed",
      "type": "aws_route_table_association",
      "name": "public",
      "provider": "provider[\"registry.terraform.io/hashicorp/aws\"]",
      "instances": [
        {
          "index_key": 0,
          "schema_version": 0,
          "attributes": {
            "gateway_id": "",
            "id": "rtbassoc-036e29d9d761154a2",
            "route_table_id": "rtb-0d4213f09342ab9c7",
            "subnet_id": "subnet-087c4f5857d3762bb"
          },
          "sensitive_attributes": [],
          "private": "bnVsbA==",
          "dependencies": [
            "data.aws_availability_zones.available",
            "module.vpc.aws_route_table.public",
            "module.vpc.aws_subnet.public",
            "module.vpc.aws_vpc.this",
            "module.vpc.aws_vpc_ipv4_cidr_block_association.this"
          ]
        },
        {
          "index_key": 1,
          "schema_version": 0,
          "attributes": {
            "gateway_id": "",
            "id": "rtbassoc-06c682b7258884d7c",
            "route_table_id": "rtb-0d4213f09342ab9c7",
            "subnet_id": "subnet-004095edba3f21a26"
          },
          "sensitive_attributes": [],
          "private": "bnVsbA==",
          "dependencies": [
            "data.aws_availability_zones.available",
            "module.vpc.aws_route_table.public",
            "module.vpc.aws_subnet.public",
            "module.vpc.aws_vpc.this",
            "module.vpc.aws_vpc_ipv4_cidr_block_association.this"
          ]
        },
        {
          "index_key": 2,
          "schema_version": 0,
          "attributes": {
            "gateway_id": "",
            "id": "rtbassoc-00b4891260ec096df",
            "route_table_id": "rtb-0d4213f09342ab9c7",
            "subnet_id": "subnet-0071fa7a51d6a7389"
          },
          "sensitive_attributes": [],
          "private": "bnVsbA==",
          "dependencies": [
            "data.aws_availability_zones.available",
            "module.vpc.aws_route_table.public",
            "module.vpc.aws_subnet.public",
            "module.vpc.aws_vpc.this",
            "module.vpc.aws_vpc_ipv4_cidr_block_association.this"
          ]
        }
      ]
    },
    {
      "module": "module.vpc",
      "mode": "managed",
      "type": "aws_subnet",
      "name": "private",
      "provider": "provider[\"registry.terraform.io/hashicorp/aws\"]",
      "instances": [
        {
          "index_key": 0,
          "schema_version": 1,
          "attributes": {
            "arn": "arn:aws:ec2:eu-central-1:711635244477:subnet/subnet-0b3355a70306a5018",
            "assign_ipv6_address_on_creation": false,
            "availability_zone": "eu-central-1a",
            "availability_zone_id": "euc1-az2",
            "cidr_block": "10.0.1.0/24",
            "customer_owned_ipv4_pool": "",
            "enable_dns64": false,
            "enable_resource_name_dns_a_record_on_launch": false,
            "enable_resource_name_dns_aaaa_record_on_launch": false,
            "id": "subnet-0b3355a70306a5018",
            "ipv6_cidr_block": "",
            "ipv6_cidr_block_association_id": "",
            "ipv6_native": false,
            "map_customer_owned_ip_on_launch": false,
            "map_public_ip_on_launch": false,
            "outpost_arn": "",
            "owner_id": "711635244477",
            "private_dns_hostname_type_on_launch": "ip-name",
            "tags": {
              "Name": "lb-vpc-private-eu-central-1a",
              "lb": "artur"
            },
            "tags_all": {
              "Name": "lb-vpc-private-eu-central-1a",
              "lb": "artur"
            },
            "timeouts": null,
            "vpc_id": "vpc-0effca92337a7a7a8"
          },
          "sensitive_attributes": [],
          "private": "eyJlMmJmYjczMC1lY2FhLTExZTYtOGY4OC0zNDM2M2JjN2M0YzAiOnsiY3JlYXRlIjo2MDAwMDAwMDAwMDAsImRlbGV0ZSI6MTIwMDAwMDAwMDAwMH0sInNjaGVtYV92ZXJzaW9uIjoiMSJ9",
          "dependencies": [
            "data.aws_availability_zones.available",
            "module.vpc.aws_vpc.this",
            "module.vpc.aws_vpc_ipv4_cidr_block_association.this"
          ]
        },
        {
          "index_key": 1,
          "schema_version": 1,
          "attributes": {
            "arn": "arn:aws:ec2:eu-central-1:711635244477:subnet/subnet-0d2fc2c785bc6e168",
            "assign_ipv6_address_on_creation": false,
            "availability_zone": "eu-central-1b",
            "availability_zone_id": "euc1-az3",
            "cidr_block": "10.0.2.0/24",
            "customer_owned_ipv4_pool": "",
            "enable_dns64": false,
            "enable_resource_name_dns_a_record_on_launch": false,
            "enable_resource_name_dns_aaaa_record_on_launch": false,
            "id": "subnet-0d2fc2c785bc6e168",
            "ipv6_cidr_block": "",
            "ipv6_cidr_block_association_id": "",
            "ipv6_native": false,
            "map_customer_owned_ip_on_launch": false,
            "map_public_ip_on_launch": false,
            "outpost_arn": "",
            "owner_id": "711635244477",
            "private_dns_hostname_type_on_launch": "ip-name",
            "tags": {
              "Name": "lb-vpc-private-eu-central-1b",
              "lb": "artur"
            },
            "tags_all": {
              "Name": "lb-vpc-private-eu-central-1b",
              "lb": "artur"
            },
            "timeouts": null,
            "vpc_id": "vpc-0effca92337a7a7a8"
          },
          "sensitive_attributes": [],
          "private": "eyJlMmJmYjczMC1lY2FhLTExZTYtOGY4OC0zNDM2M2JjN2M0YzAiOnsiY3JlYXRlIjo2MDAwMDAwMDAwMDAsImRlbGV0ZSI6MTIwMDAwMDAwMDAwMH0sInNjaGVtYV92ZXJzaW9uIjoiMSJ9",
          "dependencies": [
            "data.aws_availability_zones.available",
            "module.vpc.aws_vpc.this",
            "module.vpc.aws_vpc_ipv4_cidr_block_association.this"
          ]
        },
        {
          "index_key": 2,
          "schema_version": 1,
          "attributes": {
            "arn": "arn:aws:ec2:eu-central-1:711635244477:subnet/subnet-09a78b0f07b5981d5",
            "assign_ipv6_address_on_creation": false,
            "availability_zone": "eu-central-1c",
            "availability_zone_id": "euc1-az1",
            "cidr_block": "10.0.3.0/24",
            "customer_owned_ipv4_pool": "",
            "enable_dns64": false,
            "enable_resource_name_dns_a_record_on_launch": false,
            "enable_resource_name_dns_aaaa_record_on_launch": false,
            "id": "subnet-09a78b0f07b5981d5",
            "ipv6_cidr_block": "",
            "ipv6_cidr_block_association_id": "",
            "ipv6_native": false,
            "map_customer_owned_ip_on_launch": false,
            "map_public_ip_on_launch": false,
            "outpost_arn": "",
            "owner_id": "711635244477",
            "private_dns_hostname_type_on_launch": "ip-name",
            "tags": {
              "Name": "lb-vpc-private-eu-central-1c",
              "lb": "artur"
            },
            "tags_all": {
              "Name": "lb-vpc-private-eu-central-1c",
              "lb": "artur"
            },
            "timeouts": null,
            "vpc_id": "vpc-0effca92337a7a7a8"
          },
          "sensitive_attributes": [],
          "private": "eyJlMmJmYjczMC1lY2FhLTExZTYtOGY4OC0zNDM2M2JjN2M0YzAiOnsiY3JlYXRlIjo2MDAwMDAwMDAwMDAsImRlbGV0ZSI6MTIwMDAwMDAwMDAwMH0sInNjaGVtYV92ZXJzaW9uIjoiMSJ9",
          "dependencies": [
            "data.aws_availability_zones.available",
            "module.vpc.aws_vpc.this",
            "module.vpc.aws_vpc_ipv4_cidr_block_association.this"
          ]
        }
      ]
    },
    {
      "module": "module.vpc",
      "mode": "managed",
      "type": "aws_subnet",
      "name": "public",
      "provider": "provider[\"registry.terraform.io/hashicorp/aws\"]",
      "instances": [
        {
          "index_key": 0,
          "schema_version": 1,
          "attributes": {
            "arn": "arn:aws:ec2:eu-central-1:711635244477:subnet/subnet-087c4f5857d3762bb",
            "assign_ipv6_address_on_creation": false,
            "availability_zone": "eu-central-1a",
            "availability_zone_id": "euc1-az2",
            "cidr_block": "10.0.4.0/24",
            "customer_owned_ipv4_pool": "",
            "enable_dns64": false,
            "enable_resource_name_dns_a_record_on_launch": false,
            "enable_resource_name_dns_aaaa_record_on_launch": false,
            "id": "subnet-087c4f5857d3762bb",
            "ipv6_cidr_block": "",
            "ipv6_cidr_block_association_id": "",
            "ipv6_native": false,
            "map_customer_owned_ip_on_launch": false,
            "map_public_ip_on_launch": true,
            "outpost_arn": "",
            "owner_id": "711635244477",
            "private_dns_hostname_type_on_launch": "ip-name",
            "tags": {
              "Name": "lb-vpc-public-eu-central-1a",
              "lb": "artur"
            },
            "tags_all": {
              "Name": "lb-vpc-public-eu-central-1a",
              "lb": "artur"
            },
            "timeouts": null,
            "vpc_id": "vpc-0effca92337a7a7a8"
          },
          "sensitive_attributes": [],
          "private": "eyJlMmJmYjczMC1lY2FhLTExZTYtOGY4OC0zNDM2M2JjN2M0YzAiOnsiY3JlYXRlIjo2MDAwMDAwMDAwMDAsImRlbGV0ZSI6MTIwMDAwMDAwMDAwMH0sInNjaGVtYV92ZXJzaW9uIjoiMSJ9",
          "dependencies": [
            "data.aws_availability_zones.available",
            "module.vpc.aws_vpc.this",
            "module.vpc.aws_vpc_ipv4_cidr_block_association.this"
          ],
          "create_before_destroy": true
        },
        {
          "index_key": 1,
          "schema_version": 1,
          "attributes": {
            "arn": "arn:aws:ec2:eu-central-1:711635244477:subnet/subnet-004095edba3f21a26",
            "assign_ipv6_address_on_creation": false,
            "availability_zone": "eu-central-1b",
            "availability_zone_id": "euc1-az3",
            "cidr_block": "10.0.5.0/24",
            "customer_owned_ipv4_pool": "",
            "enable_dns64": false,
            "enable_resource_name_dns_a_record_on_launch": false,
            "enable_resource_name_dns_aaaa_record_on_launch": false,
            "id": "subnet-004095edba3f21a26",
            "ipv6_cidr_block": "",
            "ipv6_cidr_block_association_id": "",
            "ipv6_native": false,
            "map_customer_owned_ip_on_launch": false,
            "map_public_ip_on_launch": true,
            "outpost_arn": "",
            "owner_id": "711635244477",
            "private_dns_hostname_type_on_launch": "ip-name",
            "tags": {
              "Name": "lb-vpc-public-eu-central-1b",
              "lb": "artur"
            },
            "tags_all": {
              "Name": "lb-vpc-public-eu-central-1b",
              "lb": "artur"
            },
            "timeouts": null,
            "vpc_id": "vpc-0effca92337a7a7a8"
          },
          "sensitive_attributes": [],
          "private": "eyJlMmJmYjczMC1lY2FhLTExZTYtOGY4OC0zNDM2M2JjN2M0YzAiOnsiY3JlYXRlIjo2MDAwMDAwMDAwMDAsImRlbGV0ZSI6MTIwMDAwMDAwMDAwMH0sInNjaGVtYV92ZXJzaW9uIjoiMSJ9",
          "dependencies": [
            "data.aws_availability_zones.available",
            "module.vpc.aws_vpc.this",
            "module.vpc.aws_vpc_ipv4_cidr_block_association.this"
          ],
          "create_before_destroy": true
        },
        {
          "index_key": 2,
          "schema_version": 1,
          "attributes": {
            "arn": "arn:aws:ec2:eu-central-1:711635244477:subnet/subnet-0071fa7a51d6a7389",
            "assign_ipv6_address_on_creation": false,
            "availability_zone": "eu-central-1c",
            "availability_zone_id": "euc1-az1",
            "cidr_block": "10.0.6.0/24",
            "customer_owned_ipv4_pool": "",
            "enable_dns64": false,
            "enable_resource_name_dns_a_record_on_launch": false,
            "enable_resource_name_dns_aaaa_record_on_launch": false,
            "id": "subnet-0071fa7a51d6a7389",
            "ipv6_cidr_block": "",
            "ipv6_cidr_block_association_id": "",
            "ipv6_native": false,
            "map_customer_owned_ip_on_launch": false,
            "map_public_ip_on_launch": true,
            "outpost_arn": "",
            "owner_id": "711635244477",
            "private_dns_hostname_type_on_launch": "ip-name",
            "tags": {
              "Name": "lb-vpc-public-eu-central-1c",
              "lb": "artur"
            },
            "tags_all": {
              "Name": "lb-vpc-public-eu-central-1c",
              "lb": "artur"
            },
            "timeouts": null,
            "vpc_id": "vpc-0effca92337a7a7a8"
          },
          "sensitive_attributes": [],
          "private": "eyJlMmJmYjczMC1lY2FhLTExZTYtOGY4OC0zNDM2M2JjN2M0YzAiOnsiY3JlYXRlIjo2MDAwMDAwMDAwMDAsImRlbGV0ZSI6MTIwMDAwMDAwMDAwMH0sInNjaGVtYV92ZXJzaW9uIjoiMSJ9",
          "dependencies": [
            "data.aws_availability_zones.available",
            "module.vpc.aws_vpc.this",
            "module.vpc.aws_vpc_ipv4_cidr_block_association.this"
          ],
          "create_before_destroy": true
        }
      ]
    },
    {
      "module": "module.vpc",
      "mode": "managed",
      "type": "aws_vpc",
      "name": "this",
      "provider": "provider[\"registry.terraform.io/hashicorp/aws\"]",
      "instances": [
        {
          "index_key": 0,
          "schema_version": 1,
          "attributes": {
            "arn": "arn:aws:ec2:eu-central-1:711635244477:vpc/vpc-0effca92337a7a7a8",
            "assign_generated_ipv6_cidr_block": false,
            "cidr_block": "10.0.0.0/16",
            "default_network_acl_id": "acl-0bec19a1b713b2fb7",
            "default_route_table_id": "rtb-0919695cca6ef2f95",
            "default_security_group_id": "sg-066d373f3e1ff14ff",
            "dhcp_options_id": "dopt-05f91dd443990e929",
            "enable_classiclink": false,
            "enable_classiclink_dns_support": false,
            "enable_dns_hostnames": true,
            "enable_dns_support": true,
            "enable_network_address_usage_metrics": false,
            "id": "vpc-0effca92337a7a7a8",
            "instance_tenancy": "default",
            "ipv4_ipam_pool_id": null,
            "ipv4_netmask_length": null,
            "ipv6_association_id": "",
            "ipv6_cidr_block": "",
            "ipv6_cidr_block_network_border_group": "",
            "ipv6_ipam_pool_id": "",
            "ipv6_netmask_length": 0,
            "main_route_table_id": "rtb-0919695cca6ef2f95",
            "owner_id": "711635244477",
            "tags": {
              "Name": "lb-vpc",
              "lb": "artur"
            },
            "tags_all": {
              "Name": "lb-vpc",
              "lb": "artur"
            }
          },
          "sensitive_attributes": [],
          "private": "eyJzY2hlbWFfdmVyc2lvbiI6IjEifQ==",
          "create_before_destroy": true
        }
      ]
    }
  ],
  "check_results": []
}
