{
  "version": 4,
  "terraform_version": "1.3.3",
  "serial": 302,
  "lineage": "1efd754c-062c-23aa-4450-ea436db7c6d2",
  "outputs": {
    "av_zones": {
      "value": [
        "eu-central-1a",
        "eu-central-1b",
        "eu-central-1c"
      ],
      "type": [
        "list",
        "string"
      ]
    },
    "puublic_ec2_ips": {
      "value": [
        "http://3.66.27.74",
        "http://3.121.86.160"
      ],
      "type": [
        "tuple",
        [
          "string",
          "string"
        ]
      ]
    }
  },
  "resources": [
    {
      "mode": "data",
      "type": "aws_availability_zones",
      "name": "available",
      "provider": "provider[\"registry.terraform.io/hashicorp/aws\"]",
      "instances": [
        {
          "schema_version": 0,
          "attributes": {
            "all_availability_zones": null,
            "exclude_names": null,
            "exclude_zone_ids": null,
            "filter": null,
            "group_names": [
              "eu-central-1"
            ],
            "id": "eu-central-1",
            "names": [
              "eu-central-1a",
              "eu-central-1b",
              "eu-central-1c"
            ],
            "state": null,
            "timeouts": null,
            "zone_ids": [
              "euc1-az2",
              "euc1-az3",
              "euc1-az1"
            ]
          },
          "sensitive_attributes": []
        }
      ]
    },
    {
      "mode": "managed",
      "type": "aws_key_pair",
      "name": "generated_key",
      "provider": "provider[\"registry.terraform.io/hashicorp/aws\"]",
      "instances": [
        {
          "schema_version": 1,
          "attributes": {
            "arn": "arn:aws:ec2:eu-central-1:711635244477:key-pair/default_key",
            "fingerprint": "db:0c:0c:8a:55:5f:ea:08:e7:3a:61:9d:9b:3f:a5:14",
            "id": "default_key",
            "key_name": "default_key",
            "key_name_prefix": "",
            "key_pair_id": "key-06c293136820090d6",
            "key_type": "rsa",
            "public_key": "ssh-rsa AAAAB3NzaC1yc2EAAAADAQABAAACAQDpfiFAFza6GLao3mkeeFLOnsdepduR0gKu9I+pHYCt30sVbit7weg3XQfHPjW/PAesRm1Jvsqq0Hz1tZMCTAbrFRPdKfHaaZXdtO8ysWuuSDH4x4HJ77KjOoo6COSPLkfmirdiv8Ysf1sNwVGfNHlpugGZxXcginIzHJKt6CVRKC+VSWkZvp8xl+HRi3NVy4MBmdVZUgCuRH9Qslg5oCMDBqvYl5+V4Z9E7UYI+oh5ny9iSw6MeaQm9qSxwZEwv69rQU1U4oHM9fellPuHB4/30AF7xEPTzID0riZPTRm8ZweIIDNwbYiFEy7nGQtLIIaW4mpPOibu5cDAwUdYbQZGyuHEp2UZnTRwuPfDytN8SZMgDUBnJWFTSgyPtoWuC566Pg1vQR2yGL1orGHv6yg5QC2furYgDTa/tL4tddMDC9PIW18pdqM4QVOaHer28/aYzuIs0L9DflSygjB9hf30Biguc30JEOHrzhrUmUK+gn7gvH6XpCfjsFpaRmN69k2AzJRdwV08o4qvq4ypBZfKDcfvmD0aj0p+FY1F9VzNyJPICcq6qzxcJ/rX77bBLTFg7NbrWGZ4zlof9d1O7yG0+GZPZ9YBGzNNSqETyaQOHbyiTY6uiLyK4k9ndzm0TY+zxMgja7xlebqB73i7b1msllgzKai5mGsL+BdHqJhRtw==",
            "tags": {},
            "tags_all": {}
          },
          "sensitive_attributes": [],
          "private": "eyJzY2hlbWFfdmVyc2lvbiI6IjEifQ==",
          "dependencies": [
            "tls_private_key.example"
          ]
        }
      ]
    },
    {
      "mode": "managed",
      "type": "aws_security_group",
      "name": "my-sg",
      "provider": "provider[\"registry.terraform.io/hashicorp/aws\"]",
      "instances": [
        {
          "schema_version": 1,
          "attributes": {
            "arn": "arn:aws:ec2:eu-central-1:711635244477:security-group/sg-0da73e73772d17b87",
            "description": "Managed by Terraform",
            "egress": [
              {
                "cidr_blocks": [
                  "0.0.0.0/0"
                ],
                "description": "",
                "from_port": 0,
                "ipv6_cidr_blocks": [],
                "prefix_list_ids": [],
                "protocol": "-1",
                "security_groups": [],
                "self": false,
                "to_port": 0
              }
            ],
            "id": "sg-0da73e73772d17b87",
            "ingress": [
              {
                "cidr_blocks": [
                  "0.0.0.0/0"
                ],
                "description": "",
                "from_port": 22,
                "ipv6_cidr_blocks": [],
                "prefix_list_ids": [],
                "protocol": "tcp",
                "security_groups": [],
                "self": false,
                "to_port": 22
              },
              {
                "cidr_blocks": [
                  "0.0.0.0/0"
                ],
                "description": "",
                "from_port": 80,
                "ipv6_cidr_blocks": [],
                "prefix_list_ids": [],
                "protocol": "tcp",
                "security_groups": [],
                "self": false,
                "to_port": 80
              }
            ],
            "name": "sg_vpc-01dbf9fe6a43ea621",
            "name_prefix": "",
            "owner_id": "711635244477",
            "revoke_rules_on_delete": false,
            "tags": {
              "Name": "LB_SG_Rules"
            },
            "tags_all": {
              "Name": "LB_SG_Rules"
            },
            "timeouts": null,
            "vpc_id": "vpc-01dbf9fe6a43ea621"
          },
          "sensitive_attributes": [],
          "private": "eyJlMmJmYjczMC1lY2FhLTExZTYtOGY4OC0zNDM2M2JjN2M0YzAiOnsiY3JlYXRlIjo2MDAwMDAwMDAwMDAsImRlbGV0ZSI6OTAwMDAwMDAwMDAwfSwic2NoZW1hX3ZlcnNpb24iOiIxIn0=",
          "dependencies": [
            "module.vpc.aws_vpc.this"
          ]
        }
      ]
    },
    {
      "mode": "managed",
      "type": "tls_private_key",
      "name": "example",
      "provider": "provider[\"registry.terraform.io/hashicorp/tls\"]",
      "instances": [
        {
          "schema_version": 1,
          "attributes": {
            "algorithm": "RSA",
            "ecdsa_curve": "P224",
            "id": "46e6f968dbb0fa08847537a12e8ee1b94a96cf75",
            "private_key_openssh": "-----BEGIN OPENSSH PRIVATE KEY-----\nb3BlbnNzaC1rZXktdjEAAAAABG5vbmUAAAAEbm9uZQAAAAAAAAABAAACFwAAAAdz\nc2gtcnNhAAAAAwEAAQAAAgEA6X4hQBc2uhi2qN5pHnhSzp7HXqXbkdICrvSPqR2A\nrd9LFW4re8HoN10Hxz41vzwHrEZtSb7KqtB89bWTAkwG6xUT3Snx2mmV3bTvMrFr\nrkgx+MeBye+yozqKOgjkjy5H5oq3Yr/GLH9bDcFRnzR5aboBmcV3IIpyMxySregl\nUSgvlUlpGb6fMZfh0YtzVcuDAZnVWVIArkR/ULJYOaAjAwar2JefleGfRO1GCPqI\neZ8vYksOjHmkJvakscGRML+va0FNVOKBzPX3pZT7hweP99ABe8RD08yA9K4mT00Z\nvGcHiCAzcG2IhRMu5xkLSyCGluJqTzom7uXAwMFHWG0GRsrhxKdlGZ00cLj3w8rT\nfEmTIA1AZyVhU0oMj7aFrgueuj4Nb0Edshi9aKxh7+soOUAtn7q2IA02v7S+LXXT\nAwvTyFtfKXajOEFTmh3q9vP2mM7iLNC/Q35UsoIwfYX99AYoLnN9CRDh684a1JlC\nvoJ+4Lx+l6Qn47BaWkZjevZNgMyUXcFdPKOKr6uMqQWXyg3H75g9Go9KfhWNRfVc\nzciTyAnKuqs8XCf61++2wS0xYOzW61hmeM5aH/XdTu8htPhmT2fWARszTUqhE8mk\nDh28ok2Oroi8iuJPZ3c5tE2Ps8TII2u8ZXm6ge94u29ZrJZYMymouZhrC/gXR6iY\nUbcAAAc43h508N4edPAAAAAHc3NoLXJzYQAAAgEA6X4hQBc2uhi2qN5pHnhSzp7H\nXqXbkdICrvSPqR2Ard9LFW4re8HoN10Hxz41vzwHrEZtSb7KqtB89bWTAkwG6xUT\n3Snx2mmV3bTvMrFrrkgx+MeBye+yozqKOgjkjy5H5oq3Yr/GLH9bDcFRnzR5aboB\nmcV3IIpyMxySreglUSgvlUlpGb6fMZfh0YtzVcuDAZnVWVIArkR/ULJYOaAjAwar\n2JefleGfRO1GCPqIeZ8vYksOjHmkJvakscGRML+va0FNVOKBzPX3pZT7hweP99AB\ne8RD08yA9K4mT00ZvGcHiCAzcG2IhRMu5xkLSyCGluJqTzom7uXAwMFHWG0GRsrh\nxKdlGZ00cLj3w8rTfEmTIA1AZyVhU0oMj7aFrgueuj4Nb0Edshi9aKxh7+soOUAt\nn7q2IA02v7S+LXXTAwvTyFtfKXajOEFTmh3q9vP2mM7iLNC/Q35UsoIwfYX99AYo\nLnN9CRDh684a1JlCvoJ+4Lx+l6Qn47BaWkZjevZNgMyUXcFdPKOKr6uMqQWXyg3H\n75g9Go9KfhWNRfVczciTyAnKuqs8XCf61++2wS0xYOzW61hmeM5aH/XdTu8htPhm\nT2fWARszTUqhE8mkDh28ok2Oroi8iuJPZ3c5tE2Ps8TII2u8ZXm6ge94u29ZrJZY\nMymouZhrC/gXR6iYUbcAAAADAQABAAACAEnc+K/JqCpevwnUsfRNpARw/ijW1wre\nILMv8nJRPu/B/4KcA212/frllxxUdbQ1TUgWT2RQ0tQOeDlSY1sKqfWcCViheDzb\nwekM385tid7sP8KvekNjbGNulWOehI822M/5eeHnQM26zBch3Kw8cVwc13zJltHY\neh/pHg2drpBp4gOb4X+facTKg0lCkA3H/312KKPE6So3yP7CLF6uZeUDK0GtVXKY\nmUW4ubsFZj7zOI4jqEqQAHnC9H62+TMusFOBqPD9ZopsFRdwddFVdxmx14ZLpBlQ\nTEsa/EuB3G5ZOWy6owsh21odo2y/4260r17z6SV/A+n3DG7ttaAnfSA1RpZ4QtXi\n492i4TjaYuwFiaq0VEnFqShD5pGaXJo+i+NyQjVHThBMg8pOERcTqcyQPAqvh+Wt\ncxVaPc+4MzbfTKRAiMZp90j1o2qhORyJGwJdiXqyd5kGJSVhoJhXvmH1a9flGC10\nVHZARqskFiaDUPpsSeFtl7b8z0kOdvmUSMXauPJJuz5Bb6CUR3xoKrv0yQm4n5MD\nRqd25AqLy2Yhlsfijjf1nduVP6pJNFbVulHci7WKwo0XmYYcEL21TQKgg7gPF+Wv\nt5P+AHI5/v9DX0C872Qq56Y2zBjoRXol92OWQvx1SwteZ6tDF4+BSr6TmMRjqWki\niEwqwqmoZaihAAABAQCYwdFuzMxD9BW9Gub+JUtgHocmWsT/UyV/ZaOkLAXU9oo+\nFKLzp4K2VU/lq7ZfpiWH26kxASrdHvUf6zjREBbJY6tJCwjme5k8xSW54EM4+xDW\nrfZMiJcN0pyP/oePs+hiIYqlbIivEAkwtLSChZ0fLrM6oJyrI+KdNnf3C6GwdEmA\nvmM9EKZhpC2vHx68g8XgYbldSpc78gCAfdiG95/ZDEQ0MHCn02PTz0qMt4mr0CoV\nJC9L97WCJmrdjtgYabk2qEf0wgqpskZuTICBWpU/LfJuHXcB7CH9TvzkgUIVkyIG\nC/Z8VpTQES60CH71gS24nvKz8M76CK8wzHCa1o9+AAABAQD1IUOyrC9DnjcplRb3\nHPCkuzEOCbF7c+0QIATnCC241Va43WhLJZjSB6WAmlacZtvQFJpDACTdm9ZVsNVc\nibxkTr+pPxmBphRfYFV28ozxgow5ItqHjUDTr0+da8gXY541YGWVjFb3eplyeNb9\nTOl0RvMKCuAdp/afCUx521ZwzX+itFRFjwdaHmfBMuwHc4gihPdN+/x1R1lsg9o1\nPB3N1yGSmD8VV8a/nLGpSnD2GKO7DBXSEL1FKXAeOMvn79VldJ9pTIOsaOQC10cH\ntrh0lcJsG9/zgbta4qA1xmRsB2sJSwDJZhTDjO9zbFF9BYR+h4xrs1DRPSw775GK\nxDTTAAABAQDz2MIq/QA1m41+Ngce8LMm6/vdGJqSoJ63yjIweCjPkxUCbQhGldzJ\ny8Gqk7kOu29kPHLtFZbz1MPEdvhNaIDbVo+4PLkKzJnR5KUO2G+DnqG+JvGG9Osi\nZTtL01qYdC7yPwBSpzfMOrBK+eqCgeBlzBVxM3xcKAzSBF/EujnRlZyoFk6AO117\n1EauiSV2LOZNZEdYtdYAzTjxAeVB6A9kn2RQGhnwaA0L9tOhkZqfsfV3XdlYy0m1\nqQjgf37BUhP12QieXvQgialfPoLJhLTPcvyTQkpIOr9Y97jtZ6Amdwbr6SwD5Jst\nX5YBt+vJzKA8Rk3IAy4NJnsvGvaJHfENAAAAAAEC\n-----END OPENSSH PRIVATE KEY-----\n",
            "private_key_pem": "-----BEGIN RSA PRIVATE KEY-----\nMIIJKAIBAAKCAgEA6X4hQBc2uhi2qN5pHnhSzp7HXqXbkdICrvSPqR2Ard9LFW4r\ne8HoN10Hxz41vzwHrEZtSb7KqtB89bWTAkwG6xUT3Snx2mmV3bTvMrFrrkgx+MeB\nye+yozqKOgjkjy5H5oq3Yr/GLH9bDcFRnzR5aboBmcV3IIpyMxySreglUSgvlUlp\nGb6fMZfh0YtzVcuDAZnVWVIArkR/ULJYOaAjAwar2JefleGfRO1GCPqIeZ8vYksO\njHmkJvakscGRML+va0FNVOKBzPX3pZT7hweP99ABe8RD08yA9K4mT00ZvGcHiCAz\ncG2IhRMu5xkLSyCGluJqTzom7uXAwMFHWG0GRsrhxKdlGZ00cLj3w8rTfEmTIA1A\nZyVhU0oMj7aFrgueuj4Nb0Edshi9aKxh7+soOUAtn7q2IA02v7S+LXXTAwvTyFtf\nKXajOEFTmh3q9vP2mM7iLNC/Q35UsoIwfYX99AYoLnN9CRDh684a1JlCvoJ+4Lx+\nl6Qn47BaWkZjevZNgMyUXcFdPKOKr6uMqQWXyg3H75g9Go9KfhWNRfVczciTyAnK\nuqs8XCf61++2wS0xYOzW61hmeM5aH/XdTu8htPhmT2fWARszTUqhE8mkDh28ok2O\nroi8iuJPZ3c5tE2Ps8TII2u8ZXm6ge94u29ZrJZYMymouZhrC/gXR6iYUbcCAwEA\nAQKCAgBJ3PivyagqXr8J1LH0TaQEcP4o1tcK3iCzL/JyUT7vwf+CnANtdv365Zcc\nVHW0NU1IFk9kUNLUDng5UmNbCqn1nAlYoXg828HpDN/ObYne7D/Cr3pDY2xjbpVj\nnoSPNtjP+Xnh50DNuswXIdysPHFcHNd8yZbR2Hof6R4Nna6QaeIDm+F/n2nEyoNJ\nQpANx/99diijxOkqN8j+wixermXlAytBrVVymJlFuLm7BWY+8ziOI6hKkAB5wvR+\ntvkzLrBTgajw/WaKbBUXcHXRVXcZsdeGS6QZUExLGvxLgdxuWTlsuqMLIdtaHaNs\nv+NutK9e8+klfwPp9wxu7bWgJ30gNUaWeELV4uPdouE42mLsBYmqtFRJxakoQ+aR\nmlyaPovjckI1R04QTIPKThEXE6nMkDwKr4flrXMVWj3PuDM230ykQIjGafdI9aNq\noTkciRsCXYl6sneZBiUlYaCYV75h9WvX5RgtdFR2QEarJBYmg1D6bEnhbZe2/M9J\nDnb5lEjF2rjySbs+QW+glEd8aCq79MkJuJ+TA0anduQKi8tmIZbH4o439Z3blT+q\nSTRW1bpR3Iu1isKNF5mGHBC9tU0CoIO4Dxflr7eT/gByOf7/Q19AvO9kKuemNswY\n6EV6JfdjlkL8dUsLXmerQxePgUq+k5jEY6lpIohMKsKpqGWooQKCAQEA9SFDsqwv\nQ543KZUW9xzwpLsxDgmxe3PtECAE5wgtuNVWuN1oSyWY0gelgJpWnGbb0BSaQwAk\n3ZvWVbDVXIm8ZE6/qT8ZgaYUX2BVdvKM8YKMOSLah41A069PnWvIF2OeNWBllYxW\n93qZcnjW/UzpdEbzCgrgHaf2nwlMedtWcM1/orRURY8HWh5nwTLsB3OIIoT3Tfv8\ndUdZbIPaNTwdzdchkpg/FVfGv5yxqUpw9hijuwwV0hC9RSlwHjjL5+/VZXSfaUyD\nrGjkAtdHB7a4dJXCbBvf84G7WuKgNcZkbAdrCUsAyWYUw4zvc2xRfQWEfoeMa7NQ\n0T0sO++RisQ00wKCAQEA89jCKv0ANZuNfjYHHvCzJuv73RiakqCet8oyMHgoz5MV\nAm0IRpXcycvBqpO5DrtvZDxy7RWW89TDxHb4TWiA21aPuDy5CsyZ0eSlDthvg56h\nvibxhvTrImU7S9NamHQu8j8AUqc3zDqwSvnqgoHgZcwVcTN8XCgM0gRfxLo50ZWc\nqBZOgDtde9RGrokldizmTWRHWLXWAM048QHlQegPZJ9kUBoZ8GgNC/bToZGan7H1\nd13ZWMtJtakI4H9+wVIT9dkInl70IImpXz6CyYS0z3L8k0JKSDq/WPe47WegJncG\n6+ksA+SbLV+WAbfrycygPEZNyAMuDSZ7Lxr2iR3xDQKCAQB/02PZBT70VMnRLkS2\ngenfDRpMhrN9e/swAHJuA27MRrudVR+wqB9jzsb4JANsNZsEi+nRbH7M7Rm8v6TT\nR6Ps7r+1QwlK+U8AWVzX1S24NupmVQ19yCP4/x9WKMFDqRf0H5t5e6BSFyVzcx4x\nIm1OzDyqjPdHn7HURuYRWVZfJlobf0u+phIgZWCXd7VrQUzJK2tGyFNi2N0B4FPm\nlL25/CguqKOkvowOmWhvrjjvq/Odc3ThgQchzLUBnX5/KSqvaDxEjbjQLDZSYO5S\nUG8ppHqpI3QKKCmKAEmpIRZ22vtu8iSr4UaMnq6zEtX/iuQHkymfc/d91Rd+/bN4\nmE4vAoIBAC/h33bbiV/9dJJU/572uucoraNjwm6KdcA3RxW3cqQYCKcaS+a4ZMuH\nZDcfnNYkviHbsOGXPLYSkIKSrf1dSPhJDh2qZteVB5tsn3DD1VnuG2qgcQsEKuvt\nHvCrxv1qyxEsh96zEUTcPWProT4RTMQQiCFbb88U2jefPkL+In5iN4nWH4IUpi27\nqEl7isyi0nJd/5iO1EACDG1e5urDK8qhdew4w+EuPWmdBT+TvN4g7seKuTQzbvzp\n/WFAB97kRCEhhgy7Lor5HTYjq0Dw+yRFOw2blcSLLKnGsxyDHbKP6t8GQWteR45o\nV6dsuzM8KDbNw1ZEMZXJeaTtUX3pUD0CggEBAJjB0W7MzEP0Fb0a5v4lS2AehyZa\nxP9TJX9lo6QsBdT2ij4UovOngrZVT+Wrtl+mJYfbqTEBKt0e9R/rONEQFsljq0kL\nCOZ7mTzFJbngQzj7ENat9kyIlw3SnI/+h4+z6GIhiqVsiK8QCTC0tIKFnR8uszqg\nnKsj4p02d/cLobB0SYC+Yz0QpmGkLa8fHryDxeBhuV1KlzvyAIB92Ib3n9kMRDQw\ncKfTY9PPSoy3iavQKhUkL0v3tYImat2O2BhpuTaoR/TCCqmyRm5MgIFalT8t8m4d\ndwHsIf1O/OSBQhWTIgYL9nxWlNARLrQIfvWBLbie8rPwzvoIrzDMcJrWj34=\n-----END RSA PRIVATE KEY-----\n",
            "private_key_pem_pkcs8": "-----BEGIN PRIVATE KEY-----\nMIIJQgIBADANBgkqhkiG9w0BAQEFAASCCSwwggkoAgEAAoICAQDpfiFAFza6GLao\n3mkeeFLOnsdepduR0gKu9I+pHYCt30sVbit7weg3XQfHPjW/PAesRm1Jvsqq0Hz1\ntZMCTAbrFRPdKfHaaZXdtO8ysWuuSDH4x4HJ77KjOoo6COSPLkfmirdiv8Ysf1sN\nwVGfNHlpugGZxXcginIzHJKt6CVRKC+VSWkZvp8xl+HRi3NVy4MBmdVZUgCuRH9Q\nslg5oCMDBqvYl5+V4Z9E7UYI+oh5ny9iSw6MeaQm9qSxwZEwv69rQU1U4oHM9fel\nlPuHB4/30AF7xEPTzID0riZPTRm8ZweIIDNwbYiFEy7nGQtLIIaW4mpPOibu5cDA\nwUdYbQZGyuHEp2UZnTRwuPfDytN8SZMgDUBnJWFTSgyPtoWuC566Pg1vQR2yGL1o\nrGHv6yg5QC2furYgDTa/tL4tddMDC9PIW18pdqM4QVOaHer28/aYzuIs0L9DflSy\ngjB9hf30Biguc30JEOHrzhrUmUK+gn7gvH6XpCfjsFpaRmN69k2AzJRdwV08o4qv\nq4ypBZfKDcfvmD0aj0p+FY1F9VzNyJPICcq6qzxcJ/rX77bBLTFg7NbrWGZ4zlof\n9d1O7yG0+GZPZ9YBGzNNSqETyaQOHbyiTY6uiLyK4k9ndzm0TY+zxMgja7xlebqB\n73i7b1msllgzKai5mGsL+BdHqJhRtwIDAQABAoICAEnc+K/JqCpevwnUsfRNpARw\n/ijW1wreILMv8nJRPu/B/4KcA212/frllxxUdbQ1TUgWT2RQ0tQOeDlSY1sKqfWc\nCViheDzbwekM385tid7sP8KvekNjbGNulWOehI822M/5eeHnQM26zBch3Kw8cVwc\n13zJltHYeh/pHg2drpBp4gOb4X+facTKg0lCkA3H/312KKPE6So3yP7CLF6uZeUD\nK0GtVXKYmUW4ubsFZj7zOI4jqEqQAHnC9H62+TMusFOBqPD9ZopsFRdwddFVdxmx\n14ZLpBlQTEsa/EuB3G5ZOWy6owsh21odo2y/4260r17z6SV/A+n3DG7ttaAnfSA1\nRpZ4QtXi492i4TjaYuwFiaq0VEnFqShD5pGaXJo+i+NyQjVHThBMg8pOERcTqcyQ\nPAqvh+WtcxVaPc+4MzbfTKRAiMZp90j1o2qhORyJGwJdiXqyd5kGJSVhoJhXvmH1\na9flGC10VHZARqskFiaDUPpsSeFtl7b8z0kOdvmUSMXauPJJuz5Bb6CUR3xoKrv0\nyQm4n5MDRqd25AqLy2Yhlsfijjf1nduVP6pJNFbVulHci7WKwo0XmYYcEL21TQKg\ng7gPF+Wvt5P+AHI5/v9DX0C872Qq56Y2zBjoRXol92OWQvx1SwteZ6tDF4+BSr6T\nmMRjqWkiiEwqwqmoZaihAoIBAQD1IUOyrC9DnjcplRb3HPCkuzEOCbF7c+0QIATn\nCC241Va43WhLJZjSB6WAmlacZtvQFJpDACTdm9ZVsNVcibxkTr+pPxmBphRfYFV2\n8ozxgow5ItqHjUDTr0+da8gXY541YGWVjFb3eplyeNb9TOl0RvMKCuAdp/afCUx5\n21ZwzX+itFRFjwdaHmfBMuwHc4gihPdN+/x1R1lsg9o1PB3N1yGSmD8VV8a/nLGp\nSnD2GKO7DBXSEL1FKXAeOMvn79VldJ9pTIOsaOQC10cHtrh0lcJsG9/zgbta4qA1\nxmRsB2sJSwDJZhTDjO9zbFF9BYR+h4xrs1DRPSw775GKxDTTAoIBAQDz2MIq/QA1\nm41+Ngce8LMm6/vdGJqSoJ63yjIweCjPkxUCbQhGldzJy8Gqk7kOu29kPHLtFZbz\n1MPEdvhNaIDbVo+4PLkKzJnR5KUO2G+DnqG+JvGG9OsiZTtL01qYdC7yPwBSpzfM\nOrBK+eqCgeBlzBVxM3xcKAzSBF/EujnRlZyoFk6AO1171EauiSV2LOZNZEdYtdYA\nzTjxAeVB6A9kn2RQGhnwaA0L9tOhkZqfsfV3XdlYy0m1qQjgf37BUhP12QieXvQg\nialfPoLJhLTPcvyTQkpIOr9Y97jtZ6Amdwbr6SwD5JstX5YBt+vJzKA8Rk3IAy4N\nJnsvGvaJHfENAoIBAH/TY9kFPvRUydEuRLaB6d8NGkyGs317+zAAcm4DbsxGu51V\nH7CoH2POxvgkA2w1mwSL6dFsfsztGby/pNNHo+zuv7VDCUr5TwBZXNfVLbg26mZV\nDX3II/j/H1YowUOpF/Qfm3l7oFIXJXNzHjEibU7MPKqM90efsdRG5hFZVl8mWht/\nS76mEiBlYJd3tWtBTMkra0bIU2LY3QHgU+aUvbn8KC6oo6S+jA6ZaG+uOO+r851z\ndOGBByHMtQGdfn8pKq9oPESNuNAsNlJg7lJQbymkeqkjdAooKYoASakhFnba+27y\nJKvhRoyerrMS1f+K5AeTKZ9z933VF379s3iYTi8CggEAL+HfdtuJX/10klT/nva6\n5yito2PCbop1wDdHFbdypBgIpxpL5rhky4dkNx+c1iS+Iduw4Zc8thKQgpKt/V1I\n+EkOHapm15UHm2yfcMPVWe4baqBxCwQq6+0e8KvG/WrLESyH3rMRRNw9Y+uhPhFM\nxBCIIVtvzxTaN58+Qv4ifmI3idYfghSmLbuoSXuKzKLScl3/mI7UQAIMbV7m6sMr\nyqF17DjD4S49aZ0FP5O83iDux4q5NDNu/On9YUAH3uREISGGDLsuivkdNiOrQPD7\nJEU7DZuVxIssqcazHIMdso/q3wZBa15HjmhXp2y7MzwoNs3DVkQxlcl5pO1RfelQ\nPQKCAQEAmMHRbszMQ/QVvRrm/iVLYB6HJlrE/1Mlf2WjpCwF1PaKPhSi86eCtlVP\n5au2X6Ylh9upMQEq3R71H+s40RAWyWOrSQsI5nuZPMUlueBDOPsQ1q32TIiXDdKc\nj/6Hj7PoYiGKpWyIrxAJMLS0goWdHy6zOqCcqyPinTZ39wuhsHRJgL5jPRCmYaQt\nrx8evIPF4GG5XUqXO/IAgH3Yhvef2QxENDBwp9Nj089KjLeJq9AqFSQvS/e1giZq\n3Y7YGGm5NqhH9MIKqbJGbkyAgVqVPy3ybh13Aewh/U785IFCFZMiBgv2fFaU0BEu\ntAh+9YEtuJ7ys/DO+givMMxwmtaPfg==\n-----END PRIVATE KEY-----\n",
            "public_key_fingerprint_md5": "6e:d8:23:1f:a8:ff:43:c5:98:8e:70:f0:fa:97:3c:28",
            "public_key_fingerprint_sha256": "SHA256:FU8BZTFUPOyCvIsqAmJcT8sixNQHmLaDsTHz74dHwyA",
            "public_key_openssh": "ssh-rsa AAAAB3NzaC1yc2EAAAADAQABAAACAQDpfiFAFza6GLao3mkeeFLOnsdepduR0gKu9I+pHYCt30sVbit7weg3XQfHPjW/PAesRm1Jvsqq0Hz1tZMCTAbrFRPdKfHaaZXdtO8ysWuuSDH4x4HJ77KjOoo6COSPLkfmirdiv8Ysf1sNwVGfNHlpugGZxXcginIzHJKt6CVRKC+VSWkZvp8xl+HRi3NVy4MBmdVZUgCuRH9Qslg5oCMDBqvYl5+V4Z9E7UYI+oh5ny9iSw6MeaQm9qSxwZEwv69rQU1U4oHM9fellPuHB4/30AF7xEPTzID0riZPTRm8ZweIIDNwbYiFEy7nGQtLIIaW4mpPOibu5cDAwUdYbQZGyuHEp2UZnTRwuPfDytN8SZMgDUBnJWFTSgyPtoWuC566Pg1vQR2yGL1orGHv6yg5QC2furYgDTa/tL4tddMDC9PIW18pdqM4QVOaHer28/aYzuIs0L9DflSygjB9hf30Biguc30JEOHrzhrUmUK+gn7gvH6XpCfjsFpaRmN69k2AzJRdwV08o4qvq4ypBZfKDcfvmD0aj0p+FY1F9VzNyJPICcq6qzxcJ/rX77bBLTFg7NbrWGZ4zlof9d1O7yG0+GZPZ9YBGzNNSqETyaQOHbyiTY6uiLyK4k9ndzm0TY+zxMgja7xlebqB73i7b1msllgzKai5mGsL+BdHqJhRtw==\n",
            "public_key_pem": "-----BEGIN PUBLIC KEY-----\nMIICIjANBgkqhkiG9w0BAQEFAAOCAg8AMIICCgKCAgEA6X4hQBc2uhi2qN5pHnhS\nzp7HXqXbkdICrvSPqR2Ard9LFW4re8HoN10Hxz41vzwHrEZtSb7KqtB89bWTAkwG\n6xUT3Snx2mmV3bTvMrFrrkgx+MeBye+yozqKOgjkjy5H5oq3Yr/GLH9bDcFRnzR5\naboBmcV3IIpyMxySreglUSgvlUlpGb6fMZfh0YtzVcuDAZnVWVIArkR/ULJYOaAj\nAwar2JefleGfRO1GCPqIeZ8vYksOjHmkJvakscGRML+va0FNVOKBzPX3pZT7hweP\n99ABe8RD08yA9K4mT00ZvGcHiCAzcG2IhRMu5xkLSyCGluJqTzom7uXAwMFHWG0G\nRsrhxKdlGZ00cLj3w8rTfEmTIA1AZyVhU0oMj7aFrgueuj4Nb0Edshi9aKxh7+so\nOUAtn7q2IA02v7S+LXXTAwvTyFtfKXajOEFTmh3q9vP2mM7iLNC/Q35UsoIwfYX9\n9AYoLnN9CRDh684a1JlCvoJ+4Lx+l6Qn47BaWkZjevZNgMyUXcFdPKOKr6uMqQWX\nyg3H75g9Go9KfhWNRfVczciTyAnKuqs8XCf61++2wS0xYOzW61hmeM5aH/XdTu8h\ntPhmT2fWARszTUqhE8mkDh28ok2Oroi8iuJPZ3c5tE2Ps8TII2u8ZXm6ge94u29Z\nrJZYMymouZhrC/gXR6iYUbcCAwEAAQ==\n-----END PUBLIC KEY-----\n",
            "rsa_bits": 4096
          },
          "sensitive_attributes": []
        }
      ]
    },
    {
      "module": "module.ec2_instance[\"Blue\"]",
      "mode": "managed",
      "type": "aws_instance",
      "name": "this",
      "provider": "provider[\"registry.terraform.io/hashicorp/aws\"]",
      "instances": [
        {
          "index_key": 0,
          "schema_version": 1,
          "attributes": {
            "ami": "ami-0e2031728ef69a466",
            "arn": "arn:aws:ec2:eu-central-1:711635244477:instance/i-02d4f4a89272beadc",
            "associate_public_ip_address": true,
            "availability_zone": "eu-central-1a",
            "capacity_reservation_specification": [
              {
                "capacity_reservation_preference": "open",
                "capacity_reservation_target": []
              }
            ],
            "cpu_core_count": 1,
            "cpu_threads_per_core": 1,
            "credit_specification": [
              {
                "cpu_credits": "standard"
              }
            ],
            "disable_api_stop": false,
            "disable_api_termination": false,
            "ebs_block_device": [],
            "ebs_optimized": false,
            "enclave_options": [
              {
                "enabled": false
              }
            ],
            "ephemeral_block_device": [],
            "get_password_data": false,
            "hibernation": false,
            "host_id": null,
            "host_resource_group_arn": null,
            "iam_instance_profile": "",
            "id": "i-02d4f4a89272beadc",
            "instance_initiated_shutdown_behavior": "stop",
            "instance_state": "running",
            "instance_type": "t2.micro",
            "ipv6_address_count": 0,
            "ipv6_addresses": [],
            "key_name": "default_key",
            "launch_template": [],
            "maintenance_options": [
              {
                "auto_recovery": "default"
              }
            ],
            "metadata_options": [
              {
                "http_endpoint": "enabled",
                "http_put_response_hop_limit": 1,
                "http_tokens": "optional",
                "instance_metadata_tags": "disabled"
              }
            ],
            "monitoring": false,
            "network_interface": [],
            "outpost_arn": "",
            "password_data": "",
            "placement_group": "",
            "placement_partition_number": null,
            "primary_network_interface_id": "eni-05490773a4a56d824",
            "private_dns": "ip-10-0-4-253.eu-central-1.compute.internal",
            "private_dns_name_options": [
              {
                "enable_resource_name_dns_a_record": false,
                "enable_resource_name_dns_aaaa_record": false,
                "hostname_type": "ip-name"
              }
            ],
            "private_ip": "10.0.4.253",
            "public_dns": "ec2-3-66-27-74.eu-central-1.compute.amazonaws.com",
            "public_ip": "3.66.27.74",
            "root_block_device": [
              {
                "delete_on_termination": true,
                "device_name": "/dev/xvda",
                "encrypted": false,
                "iops": 100,
                "kms_key_id": "",
                "tags": {},
                "throughput": 0,
                "volume_id": "vol-0b14f60e679fc1827",
                "volume_size": 8,
                "volume_type": "gp2"
              }
            ],
            "secondary_private_ips": [],
            "security_groups": [],
            "source_dest_check": true,
            "subnet_id": "subnet-0c6e15f96c6814f6b",
            "tags": {
              "Name": "instance-Blue",
              "lb": "artur"
            },
            "tags_all": {
              "Name": "instance-Blue",
              "lb": "artur"
            },
            "tenancy": "default",
            "timeouts": {
              "create": null,
              "delete": null,
              "update": null
            },
            "user_data": "74c215301a417ae0c6d291ffec4676e5844a3fa3",
            "user_data_base64": null,
            "user_data_replace_on_change": false,
            "volume_tags": {
              "Name": "instance-Blue"
            },
            "vpc_security_group_ids": [
              "sg-0da73e73772d17b87"
            ]
          },
          "sensitive_attributes": [],
          "private": "eyJlMmJmYjczMC1lY2FhLTExZTYtOGY4OC0zNDM2M2JjN2M0YzAiOnsiY3JlYXRlIjo2MDAwMDAwMDAwMDAsImRlbGV0ZSI6MTIwMDAwMDAwMDAwMCwidXBkYXRlIjo2MDAwMDAwMDAwMDB9LCJzY2hlbWFfdmVyc2lvbiI6IjEifQ==",
          "dependencies": [
            "aws_key_pair.generated_key",
            "aws_security_group.my-sg",
            "data.aws_availability_zones.available",
            "module.vpc.aws_subnet.public",
            "module.vpc.aws_vpc.this",
            "module.vpc.aws_vpc_ipv4_cidr_block_association.this",
            "tls_private_key.example"
          ]
        }
      ]
    },
    {
      "module": "module.ec2_instance[\"Green\"]",
      "mode": "managed",
      "type": "aws_instance",
      "name": "this",
      "provider": "provider[\"registry.terraform.io/hashicorp/aws\"]",
      "instances": [
        {
          "index_key": 0,
          "schema_version": 1,
          "attributes": {
            "ami": "ami-0e2031728ef69a466",
            "arn": "arn:aws:ec2:eu-central-1:711635244477:instance/i-059083d674941eeb1",
            "associate_public_ip_address": true,
            "availability_zone": "eu-central-1a",
            "capacity_reservation_specification": [
              {
                "capacity_reservation_preference": "open",
                "capacity_reservation_target": []
              }
            ],
            "cpu_core_count": 1,
            "cpu_threads_per_core": 1,
            "credit_specification": [
              {
                "cpu_credits": "standard"
              }
            ],
            "disable_api_stop": false,
            "disable_api_termination": false,
            "ebs_block_device": [],
            "ebs_optimized": false,
            "enclave_options": [
              {
                "enabled": false
              }
            ],
            "ephemeral_block_device": [],
            "get_password_data": false,
            "hibernation": false,
            "host_id": null,
            "host_resource_group_arn": null,
            "iam_instance_profile": "",
            "id": "i-059083d674941eeb1",
            "instance_initiated_shutdown_behavior": "stop",
            "instance_state": "running",
            "instance_type": "t2.micro",
            "ipv6_address_count": 0,
            "ipv6_addresses": [],
            "key_name": "default_key",
            "launch_template": [],
            "maintenance_options": [
              {
                "auto_recovery": "default"
              }
            ],
            "metadata_options": [
              {
                "http_endpoint": "enabled",
                "http_put_response_hop_limit": 1,
                "http_tokens": "optional",
                "instance_metadata_tags": "disabled"
              }
            ],
            "monitoring": false,
            "network_interface": [],
            "outpost_arn": "",
            "password_data": "",
            "placement_group": "",
            "placement_partition_number": null,
            "primary_network_interface_id": "eni-01df2b10eccc6f1f8",
            "private_dns": "ip-10-0-4-18.eu-central-1.compute.internal",
            "private_dns_name_options": [
              {
                "enable_resource_name_dns_a_record": false,
                "enable_resource_name_dns_aaaa_record": false,
                "hostname_type": "ip-name"
              }
            ],
            "private_ip": "10.0.4.18",
            "public_dns": "ec2-3-121-86-160.eu-central-1.compute.amazonaws.com",
            "public_ip": "3.121.86.160",
            "root_block_device": [
              {
                "delete_on_termination": true,
                "device_name": "/dev/xvda",
                "encrypted": false,
                "iops": 100,
                "kms_key_id": "",
                "tags": {},
                "throughput": 0,
                "volume_id": "vol-0f02ec6e201c94795",
                "volume_size": 8,
                "volume_type": "gp2"
              }
            ],
            "secondary_private_ips": [],
            "security_groups": [],
            "source_dest_check": true,
            "subnet_id": "subnet-0c6e15f96c6814f6b",
            "tags": {
              "Name": "instance-Green",
              "lb": "artur"
            },
            "tags_all": {
              "Name": "instance-Green",
              "lb": "artur"
            },
            "tenancy": "default",
            "timeouts": {
              "create": null,
              "delete": null,
              "update": null
            },
            "user_data": "74c215301a417ae0c6d291ffec4676e5844a3fa3",
            "user_data_base64": null,
            "user_data_replace_on_change": false,
            "volume_tags": {
              "Name": "instance-Green"
            },
            "vpc_security_group_ids": [
              "sg-0da73e73772d17b87"
            ]
          },
          "sensitive_attributes": [],
          "private": "eyJlMmJmYjczMC1lY2FhLTExZTYtOGY4OC0zNDM2M2JjN2M0YzAiOnsiY3JlYXRlIjo2MDAwMDAwMDAwMDAsImRlbGV0ZSI6MTIwMDAwMDAwMDAwMCwidXBkYXRlIjo2MDAwMDAwMDAwMDB9LCJzY2hlbWFfdmVyc2lvbiI6IjEifQ==",
          "dependencies": [
            "aws_key_pair.generated_key",
            "aws_security_group.my-sg",
            "data.aws_availability_zones.available",
            "module.vpc.aws_subnet.public",
            "module.vpc.aws_vpc.this",
            "module.vpc.aws_vpc_ipv4_cidr_block_association.this",
            "tls_private_key.example"
          ]
        }
      ]
    },
    {
      "module": "module.vpc",
      "mode": "managed",
      "type": "aws_eip",
      "name": "nat",
      "provider": "provider[\"registry.terraform.io/hashicorp/aws\"]",
      "instances": [
        {
          "index_key": 0,
          "schema_version": 0,
          "attributes": {
            "address": null,
            "allocation_id": "eipalloc-0117c24924b18af27",
            "associate_with_private_ip": null,
            "association_id": "eipassoc-07a6f6f16ab046fe5",
            "carrier_ip": "",
            "customer_owned_ip": "",
            "customer_owned_ipv4_pool": "",
            "domain": "vpc",
            "id": "eipalloc-0117c24924b18af27",
            "instance": "",
            "network_border_group": "eu-central-1",
            "network_interface": "eni-0c758c9e9110ba234",
            "private_dns": "ip-10-0-4-69.eu-central-1.compute.internal",
            "private_ip": "10.0.4.69",
            "public_dns": "ec2-18-157-106-127.eu-central-1.compute.amazonaws.com",
            "public_ip": "18.157.106.127",
            "public_ipv4_pool": "amazon",
            "tags": {
              "Name": "lb-vpc-eu-central-1a",
              "lb": "artur"
            },
            "tags_all": {
              "Name": "lb-vpc-eu-central-1a",
              "lb": "artur"
            },
            "timeouts": null,
            "vpc": true
          },
          "sensitive_attributes": [],
          "private": "eyJlMmJmYjczMC1lY2FhLTExZTYtOGY4OC0zNDM2M2JjN2M0YzAiOnsiZGVsZXRlIjoxODAwMDAwMDAwMDAsInJlYWQiOjkwMDAwMDAwMDAwMCwidXBkYXRlIjozMDAwMDAwMDAwMDB9fQ==",
          "dependencies": [
            "data.aws_availability_zones.available"
          ]
        }
      ]
    },
    {
      "module": "module.vpc",
      "mode": "managed",
      "type": "aws_internet_gateway",
      "name": "this",
      "provider": "provider[\"registry.terraform.io/hashicorp/aws\"]",
      "instances": [
        {
          "index_key": 0,
          "schema_version": 0,
          "attributes": {
            "arn": "arn:aws:ec2:eu-central-1:711635244477:internet-gateway/igw-028fae8d51f5855b2",
            "id": "igw-028fae8d51f5855b2",
            "owner_id": "711635244477",
            "tags": {
              "Name": "lb-vpc",
              "lb": "artur"
            },
            "tags_all": {
              "Name": "lb-vpc",
              "lb": "artur"
            },
            "timeouts": null,
            "vpc_id": "vpc-01dbf9fe6a43ea621"
          },
          "sensitive_attributes": [],
          "private": "eyJlMmJmYjczMC1lY2FhLTExZTYtOGY4OC0zNDM2M2JjN2M0YzAiOnsiY3JlYXRlIjoxMjAwMDAwMDAwMDAwLCJkZWxldGUiOjEyMDAwMDAwMDAwMDAsInVwZGF0ZSI6MTIwMDAwMDAwMDAwMH19",
          "dependencies": [
            "module.vpc.aws_vpc.this",
            "module.vpc.aws_vpc_ipv4_cidr_block_association.this"
          ]
        }
      ]
    },
    {
      "module": "module.vpc",
      "mode": "managed",
      "type": "aws_nat_gateway",
      "name": "this",
      "provider": "provider[\"registry.terraform.io/hashicorp/aws\"]",
      "instances": [
        {
          "index_key": 0,
          "schema_version": 0,
          "attributes": {
            "allocation_id": "eipalloc-0117c24924b18af27",
            "connectivity_type": "public",
            "id": "nat-003199dc17cbaac49",
            "network_interface_id": "eni-0c758c9e9110ba234",
            "private_ip": "10.0.4.69",
            "public_ip": "18.157.106.127",
            "subnet_id": "subnet-0c6e15f96c6814f6b",
            "tags": {
              "Name": "lb-vpc-eu-central-1a",
              "lb": "artur"
            },
            "tags_all": {
              "Name": "lb-vpc-eu-central-1a",
              "lb": "artur"
            }
          },
          "sensitive_attributes": [],
          "private": "bnVsbA==",
          "dependencies": [
            "data.aws_availability_zones.available",
            "module.vpc.aws_eip.nat",
            "module.vpc.aws_internet_gateway.this",
            "module.vpc.aws_subnet.public",
            "module.vpc.aws_vpc.this",
            "module.vpc.aws_vpc_ipv4_cidr_block_association.this"
          ]
        }
      ]
    },
    {
      "module": "module.vpc",
      "mode": "managed",
      "type": "aws_route",
      "name": "private_nat_gateway",
      "provider": "provider[\"registry.terraform.io/hashicorp/aws\"]",
      "instances": [
        {
          "index_key": 0,
          "schema_version": 0,
          "attributes": {
            "carrier_gateway_id": "",
            "core_network_arn": "",
            "destination_cidr_block": "0.0.0.0/0",
            "destination_ipv6_cidr_block": "",
            "destination_prefix_list_id": "",
            "egress_only_gateway_id": "",
            "gateway_id": "",
            "id": "r-rtb-0686d7786a1bc86a71080289494",
            "instance_id": "",
            "instance_owner_id": "",
            "local_gateway_id": "",
            "nat_gateway_id": "nat-003199dc17cbaac49",
            "network_interface_id": "",
            "origin": "CreateRoute",
            "route_table_id": "rtb-0686d7786a1bc86a7",
            "state": "active",
            "timeouts": {
              "create": "5m",
              "delete": null,
              "update": null
            },
            "transit_gateway_id": "",
            "vpc_endpoint_id": "",
            "vpc_peering_connection_id": ""
          },
          "sensitive_attributes": [],
          "private": "eyJlMmJmYjczMC1lY2FhLTExZTYtOGY4OC0zNDM2M2JjN2M0YzAiOnsiY3JlYXRlIjozMDAwMDAwMDAwMDAsImRlbGV0ZSI6MzAwMDAwMDAwMDAwLCJ1cGRhdGUiOjEyMDAwMDAwMDAwMH19",
          "dependencies": [
            "data.aws_availability_zones.available",
            "module.vpc.aws_eip.nat",
            "module.vpc.aws_internet_gateway.this",
            "module.vpc.aws_nat_gateway.this",
            "module.vpc.aws_route_table.private",
            "module.vpc.aws_subnet.public",
            "module.vpc.aws_vpc.this",
            "module.vpc.aws_vpc_ipv4_cidr_block_association.this"
          ]
        }
      ]
    },
    {
      "module": "module.vpc",
      "mode": "managed",
      "type": "aws_route",
      "name": "public_internet_gateway",
      "provider": "provider[\"registry.terraform.io/hashicorp/aws\"]",
      "instances": [
        {
          "index_key": 0,
          "schema_version": 0,
          "attributes": {
            "carrier_gateway_id": "",
            "core_network_arn": "",
            "destination_cidr_block": "0.0.0.0/0",
            "destination_ipv6_cidr_block": "",
            "destination_prefix_list_id": "",
            "egress_only_gateway_id": "",
            "gateway_id": "igw-028fae8d51f5855b2",
            "id": "r-rtb-0d5bd3d810f7bf0311080289494",
            "instance_id": "",
            "instance_owner_id": "",
            "local_gateway_id": "",
            "nat_gateway_id": "",
            "network_interface_id": "",
            "origin": "CreateRoute",
            "route_table_id": "rtb-0d5bd3d810f7bf031",
            "state": "active",
            "timeouts": {
              "create": "5m",
              "delete": null,
              "update": null
            },
            "transit_gateway_id": "",
            "vpc_endpoint_id": "",
            "vpc_peering_connection_id": ""
          },
          "sensitive_attributes": [],
          "private": "eyJlMmJmYjczMC1lY2FhLTExZTYtOGY4OC0zNDM2M2JjN2M0YzAiOnsiY3JlYXRlIjozMDAwMDAwMDAwMDAsImRlbGV0ZSI6MzAwMDAwMDAwMDAwLCJ1cGRhdGUiOjEyMDAwMDAwMDAwMH19",
          "dependencies": [
            "module.vpc.aws_internet_gateway.this",
            "module.vpc.aws_route_table.public",
            "module.vpc.aws_vpc.this",
            "module.vpc.aws_vpc_ipv4_cidr_block_association.this"
          ]
        }
      ]
    },
    {
      "module": "module.vpc",
      "mode": "managed",
      "type": "aws_route_table",
      "name": "private",
      "provider": "provider[\"registry.terraform.io/hashicorp/aws\"]",
      "instances": [
        {
          "index_key": 0,
          "schema_version": 0,
          "attributes": {
            "arn": "arn:aws:ec2:eu-central-1:711635244477:route-table/rtb-0686d7786a1bc86a7",
            "id": "rtb-0686d7786a1bc86a7",
            "owner_id": "711635244477",
            "propagating_vgws": [],
            "route": [
              {
                "carrier_gateway_id": "",
                "cidr_block": "0.0.0.0/0",
                "core_network_arn": "",
                "destination_prefix_list_id": "",
                "egress_only_gateway_id": "",
                "gateway_id": "",
                "instance_id": "",
                "ipv6_cidr_block": "",
                "local_gateway_id": "",
                "nat_gateway_id": "nat-003199dc17cbaac49",
                "network_interface_id": "",
                "transit_gateway_id": "",
                "vpc_endpoint_id": "",
                "vpc_peering_connection_id": ""
              }
            ],
            "tags": {
              "Name": "lb-vpc-private",
              "lb": "artur"
            },
            "tags_all": {
              "Name": "lb-vpc-private",
              "lb": "artur"
            },
            "timeouts": null,
            "vpc_id": "vpc-01dbf9fe6a43ea621"
          },
          "sensitive_attributes": [],
          "private": "eyJlMmJmYjczMC1lY2FhLTExZTYtOGY4OC0zNDM2M2JjN2M0YzAiOnsiY3JlYXRlIjozMDAwMDAwMDAwMDAsImRlbGV0ZSI6MzAwMDAwMDAwMDAwLCJ1cGRhdGUiOjEyMDAwMDAwMDAwMH19",
          "dependencies": [
            "data.aws_availability_zones.available",
            "module.vpc.aws_vpc.this",
            "module.vpc.aws_vpc_ipv4_cidr_block_association.this"
          ]
        }
      ]
    },
    {
      "module": "module.vpc",
      "mode": "managed",
      "type": "aws_route_table",
      "name": "public",
      "provider": "provider[\"registry.terraform.io/hashicorp/aws\"]",
      "instances": [
        {
          "index_key": 0,
          "schema_version": 0,
          "attributes": {
            "arn": "arn:aws:ec2:eu-central-1:711635244477:route-table/rtb-0d5bd3d810f7bf031",
            "id": "rtb-0d5bd3d810f7bf031",
            "owner_id": "711635244477",
            "propagating_vgws": [],
            "route": [
              {
                "carrier_gateway_id": "",
                "cidr_block": "0.0.0.0/0",
                "core_network_arn": "",
                "destination_prefix_list_id": "",
                "egress_only_gateway_id": "",
                "gateway_id": "igw-028fae8d51f5855b2",
                "instance_id": "",
                "ipv6_cidr_block": "",
                "local_gateway_id": "",
                "nat_gateway_id": "",
                "network_interface_id": "",
                "transit_gateway_id": "",
                "vpc_endpoint_id": "",
                "vpc_peering_connection_id": ""
              }
            ],
            "tags": {
              "Name": "lb-vpc-public",
              "lb": "artur"
            },
            "tags_all": {
              "Name": "lb-vpc-public",
              "lb": "artur"
            },
            "timeouts": null,
            "vpc_id": "vpc-01dbf9fe6a43ea621"
          },
          "sensitive_attributes": [],
          "private": "eyJlMmJmYjczMC1lY2FhLTExZTYtOGY4OC0zNDM2M2JjN2M0YzAiOnsiY3JlYXRlIjozMDAwMDAwMDAwMDAsImRlbGV0ZSI6MzAwMDAwMDAwMDAwLCJ1cGRhdGUiOjEyMDAwMDAwMDAwMH19",
          "dependencies": [
            "module.vpc.aws_vpc.this",
            "module.vpc.aws_vpc_ipv4_cidr_block_association.this"
          ]
        }
      ]
    },
    {
      "module": "module.vpc",
      "mode": "managed",
      "type": "aws_route_table_association",
      "name": "private",
      "provider": "provider[\"registry.terraform.io/hashicorp/aws\"]",
      "instances": [
        {
          "index_key": 0,
          "schema_version": 0,
          "attributes": {
            "gateway_id": "",
            "id": "rtbassoc-08413ac3a8b3c9f0e",
            "route_table_id": "rtb-0686d7786a1bc86a7",
            "subnet_id": "subnet-02c26efb4df8be9e9"
          },
          "sensitive_attributes": [],
          "private": "bnVsbA==",
          "dependencies": [
            "data.aws_availability_zones.available",
            "module.vpc.aws_route_table.private",
            "module.vpc.aws_subnet.private",
            "module.vpc.aws_vpc.this",
            "module.vpc.aws_vpc_ipv4_cidr_block_association.this"
          ]
        },
        {
          "index_key": 1,
          "schema_version": 0,
          "attributes": {
            "gateway_id": "",
            "id": "rtbassoc-0427d91405e0a8ad5",
            "route_table_id": "rtb-0686d7786a1bc86a7",
            "subnet_id": "subnet-0c294259d3973507f"
          },
          "sensitive_attributes": [],
          "private": "bnVsbA==",
          "dependencies": [
            "data.aws_availability_zones.available",
            "module.vpc.aws_route_table.private",
            "module.vpc.aws_subnet.private",
            "module.vpc.aws_vpc.this",
            "module.vpc.aws_vpc_ipv4_cidr_block_association.this"
          ]
        },
        {
          "index_key": 2,
          "schema_version": 0,
          "attributes": {
            "gateway_id": "",
            "id": "rtbassoc-0b50c5f2b3ccbc6b9",
            "route_table_id": "rtb-0686d7786a1bc86a7",
            "subnet_id": "subnet-0c07ff97cc5fb7898"
          },
          "sensitive_attributes": [],
          "private": "bnVsbA==",
          "dependencies": [
            "data.aws_availability_zones.available",
            "module.vpc.aws_route_table.private",
            "module.vpc.aws_subnet.private",
            "module.vpc.aws_vpc.this",
            "module.vpc.aws_vpc_ipv4_cidr_block_association.this"
          ]
        }
      ]
    },
    {
      "module": "module.vpc",
      "mode": "managed",
      "type": "aws_route_table_association",
      "name": "public",
      "provider": "provider[\"registry.terraform.io/hashicorp/aws\"]",
      "instances": [
        {
          "index_key": 0,
          "schema_version": 0,
          "attributes": {
            "gateway_id": "",
            "id": "rtbassoc-00aca0fb359281d70",
            "route_table_id": "rtb-0d5bd3d810f7bf031",
            "subnet_id": "subnet-0c6e15f96c6814f6b"
          },
          "sensitive_attributes": [],
          "private": "bnVsbA==",
          "dependencies": [
            "data.aws_availability_zones.available",
            "module.vpc.aws_route_table.public",
            "module.vpc.aws_subnet.public",
            "module.vpc.aws_vpc.this",
            "module.vpc.aws_vpc_ipv4_cidr_block_association.this"
          ]
        },
        {
          "index_key": 1,
          "schema_version": 0,
          "attributes": {
            "gateway_id": "",
            "id": "rtbassoc-092ecec7607de3bad",
            "route_table_id": "rtb-0d5bd3d810f7bf031",
            "subnet_id": "subnet-099b4517a02ccf329"
          },
          "sensitive_attributes": [],
          "private": "bnVsbA==",
          "dependencies": [
            "data.aws_availability_zones.available",
            "module.vpc.aws_route_table.public",
            "module.vpc.aws_subnet.public",
            "module.vpc.aws_vpc.this",
            "module.vpc.aws_vpc_ipv4_cidr_block_association.this"
          ]
        },
        {
          "index_key": 2,
          "schema_version": 0,
          "attributes": {
            "gateway_id": "",
            "id": "rtbassoc-0ea6c4d9f6b33747f",
            "route_table_id": "rtb-0d5bd3d810f7bf031",
            "subnet_id": "subnet-075313471376ad162"
          },
          "sensitive_attributes": [],
          "private": "bnVsbA==",
          "dependencies": [
            "data.aws_availability_zones.available",
            "module.vpc.aws_route_table.public",
            "module.vpc.aws_subnet.public",
            "module.vpc.aws_vpc.this",
            "module.vpc.aws_vpc_ipv4_cidr_block_association.this"
          ]
        }
      ]
    },
    {
      "module": "module.vpc",
      "mode": "managed",
      "type": "aws_subnet",
      "name": "private",
      "provider": "provider[\"registry.terraform.io/hashicorp/aws\"]",
      "instances": [
        {
          "index_key": 0,
          "schema_version": 1,
          "attributes": {
            "arn": "arn:aws:ec2:eu-central-1:711635244477:subnet/subnet-02c26efb4df8be9e9",
            "assign_ipv6_address_on_creation": false,
            "availability_zone": "eu-central-1a",
            "availability_zone_id": "euc1-az2",
            "cidr_block": "10.0.1.0/24",
            "customer_owned_ipv4_pool": "",
            "enable_dns64": false,
            "enable_resource_name_dns_a_record_on_launch": false,
            "enable_resource_name_dns_aaaa_record_on_launch": false,
            "id": "subnet-02c26efb4df8be9e9",
            "ipv6_cidr_block": "",
            "ipv6_cidr_block_association_id": "",
            "ipv6_native": false,
            "map_customer_owned_ip_on_launch": false,
            "map_public_ip_on_launch": false,
            "outpost_arn": "",
            "owner_id": "711635244477",
            "private_dns_hostname_type_on_launch": "ip-name",
            "tags": {
              "Name": "lb-vpc-private-eu-central-1a",
              "lb": "artur"
            },
            "tags_all": {
              "Name": "lb-vpc-private-eu-central-1a",
              "lb": "artur"
            },
            "timeouts": null,
            "vpc_id": "vpc-01dbf9fe6a43ea621"
          },
          "sensitive_attributes": [],
          "private": "eyJlMmJmYjczMC1lY2FhLTExZTYtOGY4OC0zNDM2M2JjN2M0YzAiOnsiY3JlYXRlIjo2MDAwMDAwMDAwMDAsImRlbGV0ZSI6MTIwMDAwMDAwMDAwMH0sInNjaGVtYV92ZXJzaW9uIjoiMSJ9",
          "dependencies": [
            "data.aws_availability_zones.available",
            "module.vpc.aws_vpc.this",
            "module.vpc.aws_vpc_ipv4_cidr_block_association.this"
          ]
        },
        {
          "index_key": 1,
          "schema_version": 1,
          "attributes": {
            "arn": "arn:aws:ec2:eu-central-1:711635244477:subnet/subnet-0c294259d3973507f",
            "assign_ipv6_address_on_creation": false,
            "availability_zone": "eu-central-1b",
            "availability_zone_id": "euc1-az3",
            "cidr_block": "10.0.2.0/24",
            "customer_owned_ipv4_pool": "",
            "enable_dns64": false,
            "enable_resource_name_dns_a_record_on_launch": false,
            "enable_resource_name_dns_aaaa_record_on_launch": false,
            "id": "subnet-0c294259d3973507f",
            "ipv6_cidr_block": "",
            "ipv6_cidr_block_association_id": "",
            "ipv6_native": false,
            "map_customer_owned_ip_on_launch": false,
            "map_public_ip_on_launch": false,
            "outpost_arn": "",
            "owner_id": "711635244477",
            "private_dns_hostname_type_on_launch": "ip-name",
            "tags": {
              "Name": "lb-vpc-private-eu-central-1b",
              "lb": "artur"
            },
            "tags_all": {
              "Name": "lb-vpc-private-eu-central-1b",
              "lb": "artur"
            },
            "timeouts": null,
            "vpc_id": "vpc-01dbf9fe6a43ea621"
          },
          "sensitive_attributes": [],
          "private": "eyJlMmJmYjczMC1lY2FhLTExZTYtOGY4OC0zNDM2M2JjN2M0YzAiOnsiY3JlYXRlIjo2MDAwMDAwMDAwMDAsImRlbGV0ZSI6MTIwMDAwMDAwMDAwMH0sInNjaGVtYV92ZXJzaW9uIjoiMSJ9",
          "dependencies": [
            "data.aws_availability_zones.available",
            "module.vpc.aws_vpc.this",
            "module.vpc.aws_vpc_ipv4_cidr_block_association.this"
          ]
        },
        {
          "index_key": 2,
          "schema_version": 1,
          "attributes": {
            "arn": "arn:aws:ec2:eu-central-1:711635244477:subnet/subnet-0c07ff97cc5fb7898",
            "assign_ipv6_address_on_creation": false,
            "availability_zone": "eu-central-1c",
            "availability_zone_id": "euc1-az1",
            "cidr_block": "10.0.3.0/24",
            "customer_owned_ipv4_pool": "",
            "enable_dns64": false,
            "enable_resource_name_dns_a_record_on_launch": false,
            "enable_resource_name_dns_aaaa_record_on_launch": false,
            "id": "subnet-0c07ff97cc5fb7898",
            "ipv6_cidr_block": "",
            "ipv6_cidr_block_association_id": "",
            "ipv6_native": false,
            "map_customer_owned_ip_on_launch": false,
            "map_public_ip_on_launch": false,
            "outpost_arn": "",
            "owner_id": "711635244477",
            "private_dns_hostname_type_on_launch": "ip-name",
            "tags": {
              "Name": "lb-vpc-private-eu-central-1c",
              "lb": "artur"
            },
            "tags_all": {
              "Name": "lb-vpc-private-eu-central-1c",
              "lb": "artur"
            },
            "timeouts": null,
            "vpc_id": "vpc-01dbf9fe6a43ea621"
          },
          "sensitive_attributes": [],
          "private": "eyJlMmJmYjczMC1lY2FhLTExZTYtOGY4OC0zNDM2M2JjN2M0YzAiOnsiY3JlYXRlIjo2MDAwMDAwMDAwMDAsImRlbGV0ZSI6MTIwMDAwMDAwMDAwMH0sInNjaGVtYV92ZXJzaW9uIjoiMSJ9",
          "dependencies": [
            "data.aws_availability_zones.available",
            "module.vpc.aws_vpc.this",
            "module.vpc.aws_vpc_ipv4_cidr_block_association.this"
          ]
        }
      ]
    },
    {
      "module": "module.vpc",
      "mode": "managed",
      "type": "aws_subnet",
      "name": "public",
      "provider": "provider[\"registry.terraform.io/hashicorp/aws\"]",
      "instances": [
        {
          "index_key": 0,
          "schema_version": 1,
          "attributes": {
            "arn": "arn:aws:ec2:eu-central-1:711635244477:subnet/subnet-0c6e15f96c6814f6b",
            "assign_ipv6_address_on_creation": false,
            "availability_zone": "eu-central-1a",
            "availability_zone_id": "euc1-az2",
            "cidr_block": "10.0.4.0/24",
            "customer_owned_ipv4_pool": "",
            "enable_dns64": false,
            "enable_resource_name_dns_a_record_on_launch": false,
            "enable_resource_name_dns_aaaa_record_on_launch": false,
            "id": "subnet-0c6e15f96c6814f6b",
            "ipv6_cidr_block": "",
            "ipv6_cidr_block_association_id": "",
            "ipv6_native": false,
            "map_customer_owned_ip_on_launch": false,
            "map_public_ip_on_launch": true,
            "outpost_arn": "",
            "owner_id": "711635244477",
            "private_dns_hostname_type_on_launch": "ip-name",
            "tags": {
              "Name": "lb-vpc-public-eu-central-1a",
              "lb": "artur"
            },
            "tags_all": {
              "Name": "lb-vpc-public-eu-central-1a",
              "lb": "artur"
            },
            "timeouts": null,
            "vpc_id": "vpc-01dbf9fe6a43ea621"
          },
          "sensitive_attributes": [],
          "private": "eyJlMmJmYjczMC1lY2FhLTExZTYtOGY4OC0zNDM2M2JjN2M0YzAiOnsiY3JlYXRlIjo2MDAwMDAwMDAwMDAsImRlbGV0ZSI6MTIwMDAwMDAwMDAwMH0sInNjaGVtYV92ZXJzaW9uIjoiMSJ9",
          "dependencies": [
            "data.aws_availability_zones.available",
            "module.vpc.aws_vpc.this",
            "module.vpc.aws_vpc_ipv4_cidr_block_association.this"
          ]
        },
        {
          "index_key": 1,
          "schema_version": 1,
          "attributes": {
            "arn": "arn:aws:ec2:eu-central-1:711635244477:subnet/subnet-099b4517a02ccf329",
            "assign_ipv6_address_on_creation": false,
            "availability_zone": "eu-central-1b",
            "availability_zone_id": "euc1-az3",
            "cidr_block": "10.0.5.0/24",
            "customer_owned_ipv4_pool": "",
            "enable_dns64": false,
            "enable_resource_name_dns_a_record_on_launch": false,
            "enable_resource_name_dns_aaaa_record_on_launch": false,
            "id": "subnet-099b4517a02ccf329",
            "ipv6_cidr_block": "",
            "ipv6_cidr_block_association_id": "",
            "ipv6_native": false,
            "map_customer_owned_ip_on_launch": false,
            "map_public_ip_on_launch": true,
            "outpost_arn": "",
            "owner_id": "711635244477",
            "private_dns_hostname_type_on_launch": "ip-name",
            "tags": {
              "Name": "lb-vpc-public-eu-central-1b",
              "lb": "artur"
            },
            "tags_all": {
              "Name": "lb-vpc-public-eu-central-1b",
              "lb": "artur"
            },
            "timeouts": null,
            "vpc_id": "vpc-01dbf9fe6a43ea621"
          },
          "sensitive_attributes": [],
          "private": "eyJlMmJmYjczMC1lY2FhLTExZTYtOGY4OC0zNDM2M2JjN2M0YzAiOnsiY3JlYXRlIjo2MDAwMDAwMDAwMDAsImRlbGV0ZSI6MTIwMDAwMDAwMDAwMH0sInNjaGVtYV92ZXJzaW9uIjoiMSJ9",
          "dependencies": [
            "data.aws_availability_zones.available",
            "module.vpc.aws_vpc.this",
            "module.vpc.aws_vpc_ipv4_cidr_block_association.this"
          ]
        },
        {
          "index_key": 2,
          "schema_version": 1,
          "attributes": {
            "arn": "arn:aws:ec2:eu-central-1:711635244477:subnet/subnet-075313471376ad162",
            "assign_ipv6_address_on_creation": false,
            "availability_zone": "eu-central-1c",
            "availability_zone_id": "euc1-az1",
            "cidr_block": "10.0.6.0/24",
            "customer_owned_ipv4_pool": "",
            "enable_dns64": false,
            "enable_resource_name_dns_a_record_on_launch": false,
            "enable_resource_name_dns_aaaa_record_on_launch": false,
            "id": "subnet-075313471376ad162",
            "ipv6_cidr_block": "",
            "ipv6_cidr_block_association_id": "",
            "ipv6_native": false,
            "map_customer_owned_ip_on_launch": false,
            "map_public_ip_on_launch": true,
            "outpost_arn": "",
            "owner_id": "711635244477",
            "private_dns_hostname_type_on_launch": "ip-name",
            "tags": {
              "Name": "lb-vpc-public-eu-central-1c",
              "lb": "artur"
            },
            "tags_all": {
              "Name": "lb-vpc-public-eu-central-1c",
              "lb": "artur"
            },
            "timeouts": null,
            "vpc_id": "vpc-01dbf9fe6a43ea621"
          },
          "sensitive_attributes": [],
          "private": "eyJlMmJmYjczMC1lY2FhLTExZTYtOGY4OC0zNDM2M2JjN2M0YzAiOnsiY3JlYXRlIjo2MDAwMDAwMDAwMDAsImRlbGV0ZSI6MTIwMDAwMDAwMDAwMH0sInNjaGVtYV92ZXJzaW9uIjoiMSJ9",
          "dependencies": [
            "data.aws_availability_zones.available",
            "module.vpc.aws_vpc.this",
            "module.vpc.aws_vpc_ipv4_cidr_block_association.this"
          ]
        }
      ]
    },
    {
      "module": "module.vpc",
      "mode": "managed",
      "type": "aws_vpc",
      "name": "this",
      "provider": "provider[\"registry.terraform.io/hashicorp/aws\"]",
      "instances": [
        {
          "index_key": 0,
          "schema_version": 1,
          "attributes": {
            "arn": "arn:aws:ec2:eu-central-1:711635244477:vpc/vpc-01dbf9fe6a43ea621",
            "assign_generated_ipv6_cidr_block": false,
            "cidr_block": "10.0.0.0/16",
            "default_network_acl_id": "acl-00f3c3fd6db833f45",
            "default_route_table_id": "rtb-0ad3f24189348efa0",
            "default_security_group_id": "sg-0f7d699bd8a2b37a1",
            "dhcp_options_id": "dopt-05f91dd443990e929",
            "enable_classiclink": false,
            "enable_classiclink_dns_support": false,
            "enable_dns_hostnames": true,
            "enable_dns_support": true,
            "enable_network_address_usage_metrics": false,
            "id": "vpc-01dbf9fe6a43ea621",
            "instance_tenancy": "default",
            "ipv4_ipam_pool_id": null,
            "ipv4_netmask_length": null,
            "ipv6_association_id": "",
            "ipv6_cidr_block": "",
            "ipv6_cidr_block_network_border_group": "",
            "ipv6_ipam_pool_id": "",
            "ipv6_netmask_length": 0,
            "main_route_table_id": "rtb-0ad3f24189348efa0",
            "owner_id": "711635244477",
            "tags": {
              "Name": "lb-vpc",
              "lb": "artur"
            },
            "tags_all": {
              "Name": "lb-vpc",
              "lb": "artur"
            }
          },
          "sensitive_attributes": [],
          "private": "eyJzY2hlbWFfdmVyc2lvbiI6IjEifQ=="
        }
      ]
    }
  ],
  "check_results": []
}
